{"format_version":"1.1","terraform_version":"1.3.9","variables":{"location":{"value":"Central India"},"rgname":{"value":"cicd_pipeline"},"user":{"value":"azureuser"}},"planned_values":{"outputs":{"private_ip_ansible":{"sensitive":false},"private_ip_jenkins":{"sensitive":false},"private_ip_k8sMaster":{"sensitive":false},"public_endpoint":{"sensitive":false},"public_ip_ansible":{"sensitive":false},"public_ip_jenkins":{"sensitive":false}},"root_module":{"resources":[{"address":"azurerm_kubernetes_cluster.cluster_k8sWorker","mode":"managed","type":"azurerm_kubernetes_cluster","name":"cluster_k8sWorker","provider_name":"registry.terraform.io/hashicorp/azurerm","schema_version":2,"values":{"aci_connector_linux":[],"automatic_channel_upgrade":null,"azure_active_directory_role_based_access_control":[],"azure_policy_enabled":null,"confidential_computing":[],"default_node_pool":[{"capacity_reservation_group_id":null,"custom_ca_trust_enabled":null,"enable_auto_scaling":null,"enable_host_encryption":null,"enable_node_public_ip":true,"fips_enabled":null,"host_group_id":null,"kubelet_config":[],"linux_os_config":[],"max_count":null,"message_of_the_day":null,"min_count":null,"name":"default","node_count":1,"node_network_profile":[],"node_public_ip_prefix_id":null,"node_taints":null,"only_critical_addons_enabled":null,"os_disk_type":"Managed","pod_subnet_id":null,"proximity_placement_group_id":null,"scale_down_mode":"Delete","tags":null,"type":"VirtualMachineScaleSets","ultra_ssd_enabled":false,"upgrade_settings":[],"vm_size":"Standard_D2_v2","vnet_subnet_id":null,"zones":null}],"disk_encryption_set_id":null,"dns_prefix":"k8sworkernode1","dns_prefix_private_cluster":null,"edge_zone":null,"enable_pod_security_policy":null,"http_application_routing_enabled":null,"http_proxy_config":[],"identity":[{"identity_ids":null,"type":"SystemAssigned"}],"image_cleaner_enabled":false,"image_cleaner_interval_hours":48,"ingress_application_gateway":[],"key_management_service":[],"key_vault_secrets_provider":[],"linux_profile":[],"local_account_disabled":null,"location":"centralindia","maintenance_window":[],"microsoft_defender":[],"monitor_metrics":[],"name":"k8sWorker","node_resource_group":"k8sWorker_group","oidc_issuer_enabled":null,"oms_agent":[],"open_service_mesh_enabled":null,"private_cluster_enabled":false,"private_cluster_public_fqdn_enabled":false,"public_network_access_enabled":true,"resource_group_name":"cicd_pipeline","role_based_access_control_enabled":true,"run_command_enabled":true,"service_principal":[],"sku_tier":"Free","storage_profile":[],"tags":null,"timeouts":null,"web_app_routing":[],"workload_autoscaler_profile":[],"workload_identity_enabled":false},"sensitive_values":{"aci_connector_linux":[],"api_server_access_profile":[],"api_server_authorized_ip_ranges":[],"auto_scaler_profile":[],"azure_active_directory_role_based_access_control":[],"confidential_computing":[],"default_node_pool":[{"kubelet_config":[],"linux_os_config":[],"node_labels":{},"node_network_profile":[],"upgrade_settings":[]}],"http_proxy_config":[],"identity":[{}],"ingress_application_gateway":[],"key_management_service":[],"key_vault_secrets_provider":[],"kube_admin_config":[],"kube_config":[],"kubelet_identity":[],"linux_profile":[],"maintenance_window":[],"microsoft_defender":[],"monitor_metrics":[],"network_profile":[],"oms_agent":[],"service_principal":[],"storage_profile":[],"web_app_routing":[],"windows_profile":[],"workload_autoscaler_profile":[]}},{"address":"azurerm_linux_virtual_machine.vm_ansible","mode":"managed","type":"azurerm_linux_virtual_machine","name":"vm_ansible","provider_name":"registry.terraform.io/hashicorp/azurerm","schema_version":0,"values":{"additional_capabilities":[],"admin_password":null,"admin_ssh_key":[{"username":"azureuser"}],"admin_username":"azureuser","allow_extension_operations":true,"availability_set_id":null,"boot_diagnostics":[],"capacity_reservation_group_id":null,"custom_data":"IyEvYmluL2Jhc2gKYXB0LWdldCB1cGRhdGUKYXB0LWdldCBpbnN0YWxsIC0tbm8taW5zdGFsbC1yZWNvbW1lbmRzIC15IGNhLWNlcnRpZmljYXRlcyBnbnVwZyBqcSBcCiAgICBsc2ItcmVsZWFzZSBnaXQgY3VybCBhbnNpYmxlIHB5dGhvbjMgcHl0aG9uMy1waXAKc3VkbyBta2RpciAtbSAwNzU1IC1wIC9ldGMvYXB0L2tleXJpbmdzCmN1cmwgLWZzU0wgaHR0cHM6Ly9kb3dubG9hZC5kb2NrZXIuY29tL2xpbnV4L3VidW50dS9ncGcgfCBcCiAgICBncGcgLS1kZWFybW9yIC1vIC9ldGMvYXB0L2tleXJpbmdzL2RvY2tlci5ncGcKZWNobyBcCiAgImRlYiBbYXJjaD0kKGRwa2cgLS1wcmludC1hcmNoaXRlY3R1cmUpIHNpZ25lZC1ieT0vZXRjL2FwdC9rZXlyaW5ncy9kb2NrZXIuZ3BnXSBcCiAgaHR0cHM6Ly9kb3dubG9hZC5kb2NrZXIuY29tL2xpbnV4L3VidW50dSBcCiAgJChsc2JfcmVsZWFzZSAtY3MpIHN0YWJsZSIgfCB0ZWUgL2V0Yy9hcHQvc291cmNlcy5saXN0LmQvZG9ja2VyLmxpc3QgPiAvZGV2L251bGwKYXB0LWdldCB1cGRhdGUKYXB0LWdldCBpbnN0YWxsIC15IGRvY2tlci1jZSBkb2NrZXItY2UtY2xpIGNvbnRhaW5lcmQuaW8gXAogICAgZG9ja2VyLWJ1aWxkeC1wbHVnaW4gZG9ja2VyLWNvbXBvc2UtcGx1Z2luCnVzZXJtb2QgLWFHIGRvY2tlciAkKGlkIC1udSAxMDAwKSB8fCA6CmVjaG8gIlB1YmtleUFjY2VwdGVkS2V5VHlwZXMgK3NzaC1yc2EiID4+IC9ldGMvc3NoL3NzaGRfY29uZmlnCnNlcnZpY2Ugc3NoIHJlc3RhcnQKcnVudXNlciAtbCAkKGlkIC1udSAxMDAwKSAtYyAncGlwMyBpbnN0YWxsIGRvY2tlciAmJiBhbnNpYmxlLWdhbGF4eSBjb2xsZWN0aW9uIGluc3RhbGwga3ViZXJuZXRlcy5jb3JlJwo=","dedicated_host_group_id":null,"dedicated_host_id":null,"disable_password_authentication":true,"edge_zone":null,"encryption_at_host_enabled":null,"eviction_policy":null,"extensions_time_budget":"PT1H30M","gallery_application":[],"identity":[],"license_type":null,"location":"centralindia","max_bid_price":-1,"name":"vm-ansible","os_disk":[{"caching":"ReadWrite","diff_disk_settings":[],"disk_encryption_set_id":null,"disk_size_gb":64,"secure_vm_disk_encryption_set_id":null,"security_encryption_type":null,"storage_account_type":"Premium_LRS","write_accelerator_enabled":false}],"patch_assessment_mode":"ImageDefault","patch_mode":"ImageDefault","plan":[],"platform_fault_domain":-1,"priority":"Regular","provision_vm_agent":true,"proximity_placement_group_id":null,"resource_group_name":"cicd_pipeline","secret":[],"secure_boot_enabled":null,"size":"Standard_B1s","source_image_id":null,"source_image_reference":[{"offer":"0001-com-ubuntu-server-jammy","publisher":"Canonical","sku":"22_04-lts-gen2","version":"latest"}],"tags":null,"timeouts":null,"user_data":null,"virtual_machine_scale_set_id":null,"vtpm_enabled":null,"zone":null},"sensitive_values":{"additional_capabilities":[],"admin_ssh_key":[{}],"boot_diagnostics":[],"gallery_application":[],"identity":[],"network_interface_ids":[],"os_disk":[{"diff_disk_settings":[]}],"plan":[],"private_ip_addresses":[],"public_ip_addresses":[],"secret":[],"source_image_reference":[{}],"termination_notification":[]}},{"address":"azurerm_linux_virtual_machine.vm_jenkins","mode":"managed","type":"azurerm_linux_virtual_machine","name":"vm_jenkins","provider_name":"registry.terraform.io/hashicorp/azurerm","schema_version":0,"values":{"additional_capabilities":[],"admin_password":null,"admin_ssh_key":[{"username":"azureuser"}],"admin_username":"azureuser","allow_extension_operations":true,"availability_set_id":null,"boot_diagnostics":[],"capacity_reservation_group_id":null,"custom_data":"IyEvYmluL2Jhc2gKYXB0LWdldCB1cGRhdGUKYXB0LWdldCBpbnN0YWxsIC0tbm8taW5zdGFsbC1yZWNvbW1lbmRzIC15IGNhLWNlcnRpZmljYXRlcyBnbnVwZyBnaXQgd2dldCBtYXZlbiBcCiAgICBjdXJsIGFwdC10cmFuc3BvcnQtaHR0cHMgZGVmYXVsdC1qZGsKY3VybCAtZnNTTCBodHRwczovL3BrZy5qZW5raW5zLmlvL2RlYmlhbi1zdGFibGUvamVua2lucy5pby5rZXkgfCB0ZWUgXAovdXNyL3NoYXJlL2tleXJpbmdzL2plbmtpbnMta2V5cmluZy5hc2MgPiAvZGV2L251bGwKZWNobyBkZWIgW3NpZ25lZC1ieT0vdXNyL3NoYXJlL2tleXJpbmdzL2plbmtpbnMta2V5cmluZy5hc2NdIFwKICAgIGh0dHBzOi8vcGtnLmplbmtpbnMuaW8vZGViaWFuLXN0YWJsZSBiaW5hcnkvIHwgdGVlIFwKICAgIC9ldGMvYXB0L3NvdXJjZXMubGlzdC5kL2plbmtpbnMubGlzdCA+IC9kZXYvbnVsbAphcHQtZ2V0IHVwZGF0ZQphcHQtZ2V0IGluc3RhbGwgLS1uby1pbnN0YWxsLXJlY29tbWVuZHMgLXkgamVua2lucwpzeXN0ZW1jdGwgZW5hYmxlIGplbmtpbnMKc2VydmljZSBqZW5raW5zIHN0YXJ0Cm12IC9ob21lLyQoaWQgLW51IDEwMDApLy5zc2gvYW5zaWJsZS5rZXkgL3Zhci9saWIvamVua2lucwpjaG93biBqZW5raW5zOmplbmtpbnMgL3Zhci9saWIvamVua2lucy9hbnNpYmxlLmtleQo=","dedicated_host_group_id":null,"dedicated_host_id":null,"disable_password_authentication":true,"edge_zone":null,"encryption_at_host_enabled":null,"eviction_policy":null,"extensions_time_budget":"PT1H30M","gallery_application":[],"identity":[],"license_type":null,"location":"centralindia","max_bid_price":-1,"name":"vm-jenkins","os_disk":[{"caching":"ReadWrite","diff_disk_settings":[],"disk_encryption_set_id":null,"disk_size_gb":64,"secure_vm_disk_encryption_set_id":null,"security_encryption_type":null,"storage_account_type":"Premium_LRS","write_accelerator_enabled":false}],"patch_assessment_mode":"ImageDefault","patch_mode":"ImageDefault","plan":[],"platform_fault_domain":-1,"priority":"Regular","provision_vm_agent":true,"proximity_placement_group_id":null,"resource_group_name":"cicd_pipeline","secret":[],"secure_boot_enabled":null,"size":"Standard_B1s","source_image_id":null,"source_image_reference":[{"offer":"0001-com-ubuntu-server-jammy","publisher":"Canonical","sku":"22_04-lts-gen2","version":"latest"}],"tags":null,"timeouts":null,"user_data":null,"virtual_machine_scale_set_id":null,"vtpm_enabled":null,"zone":null},"sensitive_values":{"additional_capabilities":[],"admin_ssh_key":[{}],"boot_diagnostics":[],"gallery_application":[],"identity":[],"network_interface_ids":[],"os_disk":[{"diff_disk_settings":[]}],"plan":[],"private_ip_addresses":[],"public_ip_addresses":[],"secret":[],"source_image_reference":[{}],"termination_notification":[]}},{"address":"azurerm_linux_virtual_machine.vm_k8sMaster","mode":"managed","type":"azurerm_linux_virtual_machine","name":"vm_k8sMaster","provider_name":"registry.terraform.io/hashicorp/azurerm","schema_version":0,"values":{"additional_capabilities":[],"admin_password":null,"admin_ssh_key":[{"username":"azureuser"}],"admin_username":"azureuser","allow_extension_operations":true,"availability_set_id":null,"boot_diagnostics":[],"capacity_reservation_group_id":null,"custom_data":null,"dedicated_host_group_id":null,"dedicated_host_id":null,"disable_password_authentication":true,"edge_zone":null,"encryption_at_host_enabled":null,"eviction_policy":null,"extensions_time_budget":"PT1H30M","gallery_application":[],"identity":[{"type":"UserAssigned"}],"license_type":null,"location":"centralindia","max_bid_price":-1,"name":"vm-k8sMaster","os_disk":[{"caching":"ReadWrite","diff_disk_settings":[],"disk_encryption_set_id":null,"disk_size_gb":64,"secure_vm_disk_encryption_set_id":null,"security_encryption_type":null,"storage_account_type":"Premium_LRS","write_accelerator_enabled":false}],"patch_assessment_mode":"ImageDefault","patch_mode":"ImageDefault","plan":[],"platform_fault_domain":-1,"priority":"Regular","provision_vm_agent":true,"proximity_placement_group_id":null,"resource_group_name":"cicd_pipeline","secret":[],"secure_boot_enabled":null,"size":"Standard_B1s","source_image_id":null,"source_image_reference":[{"offer":"0001-com-ubuntu-server-jammy","publisher":"Canonical","sku":"22_04-lts-gen2","version":"latest"}],"tags":null,"timeouts":null,"user_data":null,"virtual_machine_scale_set_id":null,"vtpm_enabled":null,"zone":null},"sensitive_values":{"additional_capabilities":[],"admin_ssh_key":[{}],"boot_diagnostics":[],"gallery_application":[],"identity":[{"identity_ids":[]}],"network_interface_ids":[],"os_disk":[{"diff_disk_settings":[]}],"plan":[],"private_ip_addresses":[],"public_ip_addresses":[],"secret":[],"source_image_reference":[{}],"termination_notification":[]}},{"address":"azurerm_network_interface.nic_ansible","mode":"managed","type":"azurerm_network_interface","name":"nic_ansible","provider_name":"registry.terraform.io/hashicorp/azurerm","schema_version":0,"values":{"edge_zone":null,"enable_accelerated_networking":false,"enable_ip_forwarding":false,"ip_configuration":[{"name":"internal","private_ip_address":"10.0.0.6","private_ip_address_allocation":"Static","private_ip_address_version":"IPv4"}],"location":"centralindia","name":"nic_ansible","resource_group_name":"cicd_pipeline","tags":null,"timeouts":null},"sensitive_values":{"applied_dns_servers":[],"dns_servers":[],"ip_configuration":[{}],"private_ip_addresses":[]}},{"address":"azurerm_network_interface.nic_jenkins","mode":"managed","type":"azurerm_network_interface","name":"nic_jenkins","provider_name":"registry.terraform.io/hashicorp/azurerm","schema_version":0,"values":{"edge_zone":null,"enable_accelerated_networking":false,"enable_ip_forwarding":false,"ip_configuration":[{"name":"internal","private_ip_address":"10.0.0.5","private_ip_address_allocation":"Static","private_ip_address_version":"IPv4"}],"location":"centralindia","name":"nic_jenkins","resource_group_name":"cicd_pipeline","tags":null,"timeouts":null},"sensitive_values":{"applied_dns_servers":[],"dns_servers":[],"ip_configuration":[{}],"private_ip_addresses":[]}},{"address":"azurerm_network_interface.nic_k8sMaster","mode":"managed","type":"azurerm_network_interface","name":"nic_k8sMaster","provider_name":"registry.terraform.io/hashicorp/azurerm","schema_version":0,"values":{"edge_zone":null,"enable_accelerated_networking":false,"enable_ip_forwarding":false,"ip_configuration":[{"name":"internal","private_ip_address":"10.0.0.7","private_ip_address_allocation":"Static","private_ip_address_version":"IPv4"}],"location":"centralindia","name":"nic_k8sMaster","resource_group_name":"cicd_pipeline","tags":null,"timeouts":null},"sensitive_values":{"applied_dns_servers":[],"dns_servers":[],"ip_configuration":[{}],"private_ip_addresses":[]}},{"address":"azurerm_network_interface_security_group_association.anisga_ansible","mode":"managed","type":"azurerm_network_interface_security_group_association","name":"anisga_ansible","provider_name":"registry.terraform.io/hashicorp/azurerm","schema_version":0,"values":{"timeouts":null},"sensitive_values":{}},{"address":"azurerm_network_interface_security_group_association.anisga_jenkins","mode":"managed","type":"azurerm_network_interface_security_group_association","name":"anisga_jenkins","provider_name":"registry.terraform.io/hashicorp/azurerm","schema_version":0,"values":{"timeouts":null},"sensitive_values":{}},{"address":"azurerm_network_interface_security_group_association.anisga_k8sMaster","mode":"managed","type":"azurerm_network_interface_security_group_association","name":"anisga_k8sMaster","provider_name":"registry.terraform.io/hashicorp/azurerm","schema_version":0,"values":{"timeouts":null},"sensitive_values":{}},{"address":"azurerm_network_security_group.nsg_ansible","mode":"managed","type":"azurerm_network_security_group","name":"nsg_ansible","provider_name":"registry.terraform.io/hashicorp/azurerm","schema_version":0,"values":{"location":"centralindia","name":"nsg_ansible","resource_group_name":"cicd_pipeline","security_rule":[{"access":"Allow","description":"","destination_address_prefix":"*","destination_address_prefixes":[],"destination_application_security_group_ids":[],"destination_port_range":"22","destination_port_ranges":[],"direction":"Inbound","name":"Allow-SSH","priority":200,"protocol":"Tcp","source_address_prefix":"*","source_address_prefixes":[],"source_application_security_group_ids":[],"source_port_range":"*","source_port_ranges":[]}],"tags":null,"timeouts":null},"sensitive_values":{"security_rule":[{"destination_address_prefixes":[],"destination_application_security_group_ids":[],"destination_port_ranges":[],"source_address_prefixes":[],"source_application_security_group_ids":[],"source_port_ranges":[]}]}},{"address":"azurerm_network_security_group.nsg_jenkins","mode":"managed","type":"azurerm_network_security_group","name":"nsg_jenkins","provider_name":"registry.terraform.io/hashicorp/azurerm","schema_version":0,"values":{"location":"centralindia","name":"nsg_jenkins","resource_group_name":"cicd_pipeline","security_rule":[{"access":"Allow","description":"","destination_address_prefix":"*","destination_address_prefixes":[],"destination_application_security_group_ids":[],"destination_port_range":"22","destination_port_ranges":[],"direction":"Inbound","name":"Allow-SSH","priority":200,"protocol":"Tcp","source_address_prefix":"*","source_address_prefixes":[],"source_application_security_group_ids":[],"source_port_range":"*","source_port_ranges":[]},{"access":"Allow","description":"","destination_address_prefix":"*","destination_address_prefixes":[],"destination_application_security_group_ids":[],"destination_port_range":"8080","destination_port_ranges":[],"direction":"Inbound","name":"Allow-Jenkins","priority":100,"protocol":"Tcp","source_address_prefix":"*","source_address_prefixes":[],"source_application_security_group_ids":[],"source_port_range":"*","source_port_ranges":[]}],"tags":null,"timeouts":null},"sensitive_values":{"security_rule":[{"destination_address_prefixes":[],"destination_application_security_group_ids":[],"destination_port_ranges":[],"source_address_prefixes":[],"source_application_security_group_ids":[],"source_port_ranges":[]},{"destination_address_prefixes":[],"destination_application_security_group_ids":[],"destination_port_ranges":[],"source_address_prefixes":[],"source_application_security_group_ids":[],"source_port_ranges":[]}]}},{"address":"azurerm_network_security_group.nsg_k8sMaster","mode":"managed","type":"azurerm_network_security_group","name":"nsg_k8sMaster","provider_name":"registry.terraform.io/hashicorp/azurerm","schema_version":0,"values":{"location":"centralindia","name":"nsg_k8sMaster","resource_group_name":"cicd_pipeline","security_rule":[{"access":"Allow","description":"","destination_address_prefix":"*","destination_address_prefixes":[],"destination_application_security_group_ids":[],"destination_port_range":"10250","destination_port_ranges":[],"direction":"Inbound","name":"KubeletAPI","priority":400,"protocol":"Tcp","source_address_prefix":"*","source_address_prefixes":[],"source_application_security_group_ids":[],"source_port_range":"*","source_port_ranges":[]},{"access":"Allow","description":"","destination_address_prefix":"*","destination_address_prefixes":[],"destination_application_security_group_ids":[],"destination_port_range":"10257","destination_port_ranges":[],"direction":"Inbound","name":"kube-controller-manager","priority":600,"protocol":"Tcp","source_address_prefix":"*","source_address_prefixes":[],"source_application_security_group_ids":[],"source_port_range":"*","source_port_ranges":[]},{"access":"Allow","description":"","destination_address_prefix":"*","destination_address_prefixes":[],"destination_application_security_group_ids":[],"destination_port_range":"10259","destination_port_ranges":[],"direction":"Inbound","name":"kube-scheduler","priority":500,"protocol":"Tcp","source_address_prefix":"*","source_address_prefixes":[],"source_application_security_group_ids":[],"source_port_range":"*","source_port_ranges":[]},{"access":"Allow","description":"","destination_address_prefix":"*","destination_address_prefixes":[],"destination_application_security_group_ids":[],"destination_port_range":"22","destination_port_ranges":[],"direction":"Inbound","name":"Allow-SSH","priority":100,"protocol":"Tcp","source_address_prefix":"*","source_address_prefixes":[],"source_application_security_group_ids":[],"source_port_range":"*","source_port_ranges":[]},{"access":"Allow","description":"","destination_address_prefix":"*","destination_address_prefixes":[],"destination_application_security_group_ids":[],"destination_port_range":"2379-2380","destination_port_ranges":[],"direction":"Inbound","name":"etcdServerClientAPI","priority":300,"protocol":"Tcp","source_address_prefix":"*","source_address_prefixes":[],"source_application_security_group_ids":[],"source_port_range":"*","source_port_ranges":[]},{"access":"Allow","description":"","destination_address_prefix":"*","destination_address_prefixes":[],"destination_application_security_group_ids":[],"destination_port_range":"6443","destination_port_ranges":[],"direction":"Inbound","name":"KubernetesAPIserver","priority":200,"protocol":"Tcp","source_address_prefix":"*","source_address_prefixes":[],"source_application_security_group_ids":[],"source_port_range":"*","source_port_ranges":[]}],"tags":null,"timeouts":null},"sensitive_values":{"security_rule":[{"destination_address_prefixes":[],"destination_application_security_group_ids":[],"destination_port_ranges":[],"source_address_prefixes":[],"source_application_security_group_ids":[],"source_port_ranges":[]},{"destination_address_prefixes":[],"destination_application_security_group_ids":[],"destination_port_ranges":[],"source_address_prefixes":[],"source_application_security_group_ids":[],"source_port_ranges":[]},{"destination_address_prefixes":[],"destination_application_security_group_ids":[],"destination_port_ranges":[],"source_address_prefixes":[],"source_application_security_group_ids":[],"source_port_ranges":[]},{"destination_address_prefixes":[],"destination_application_security_group_ids":[],"destination_port_ranges":[],"source_address_prefixes":[],"source_application_security_group_ids":[],"source_port_ranges":[]},{"destination_address_prefixes":[],"destination_application_security_group_ids":[],"destination_port_ranges":[],"source_address_prefixes":[],"source_application_security_group_ids":[],"source_port_ranges":[]},{"destination_address_prefixes":[],"destination_application_security_group_ids":[],"destination_port_ranges":[],"source_address_prefixes":[],"source_application_security_group_ids":[],"source_port_ranges":[]}]}},{"address":"azurerm_public_ip.ip_ansible","mode":"managed","type":"azurerm_public_ip","name":"ip_ansible","provider_name":"registry.terraform.io/hashicorp/azurerm","schema_version":0,"values":{"allocation_method":"Dynamic","ddos_protection_mode":"VirtualNetworkInherited","ddos_protection_plan_id":null,"domain_name_label":null,"edge_zone":null,"idle_timeout_in_minutes":4,"ip_tags":null,"ip_version":"IPv4","location":"centralindia","name":"ip_ansible","public_ip_prefix_id":null,"resource_group_name":"cicd_pipeline","reverse_fqdn":null,"sku":"Basic","sku_tier":"Regional","tags":null,"timeouts":null,"zones":null},"sensitive_values":{}},{"address":"azurerm_public_ip.ip_ingress","mode":"managed","type":"azurerm_public_ip","name":"ip_ingress","provider_name":"registry.terraform.io/hashicorp/azurerm","schema_version":0,"values":{"allocation_method":"Static","ddos_protection_mode":"VirtualNetworkInherited","ddos_protection_plan_id":null,"domain_name_label":null,"edge_zone":null,"idle_timeout_in_minutes":4,"ip_tags":null,"ip_version":"IPv4","location":"centralindia","name":"ip_ingress","public_ip_prefix_id":null,"resource_group_name":"k8sWorker_group","reverse_fqdn":null,"sku":"Standard","sku_tier":"Regional","tags":null,"timeouts":null,"zones":null},"sensitive_values":{}},{"address":"azurerm_public_ip.ip_jenkins","mode":"managed","type":"azurerm_public_ip","name":"ip_jenkins","provider_name":"registry.terraform.io/hashicorp/azurerm","schema_version":0,"values":{"allocation_method":"Dynamic","ddos_protection_mode":"VirtualNetworkInherited","ddos_protection_plan_id":null,"domain_name_label":null,"edge_zone":null,"idle_timeout_in_minutes":4,"ip_tags":null,"ip_version":"IPv4","location":"centralindia","name":"ip_jenkins","public_ip_prefix_id":null,"resource_group_name":"cicd_pipeline","reverse_fqdn":null,"sku":"Basic","sku_tier":"Regional","tags":null,"timeouts":null,"zones":null},"sensitive_values":{}},{"address":"azurerm_public_ip.ip_k8sMaster","mode":"managed","type":"azurerm_public_ip","name":"ip_k8sMaster","provider_name":"registry.terraform.io/hashicorp/azurerm","schema_version":0,"values":{"allocation_method":"Dynamic","ddos_protection_mode":"VirtualNetworkInherited","ddos_protection_plan_id":null,"domain_name_label":null,"edge_zone":null,"idle_timeout_in_minutes":4,"ip_tags":null,"ip_version":"IPv4","location":"centralindia","name":"ip_k8sMaster","public_ip_prefix_id":null,"resource_group_name":"cicd_pipeline","reverse_fqdn":null,"sku":"Basic","sku_tier":"Regional","tags":null,"timeouts":null,"zones":null},"sensitive_values":{}},{"address":"azurerm_resource_group.rg1","mode":"managed","type":"azurerm_resource_group","name":"rg1","provider_name":"registry.terraform.io/hashicorp/azurerm","schema_version":0,"values":{"location":"centralindia","name":"cicd_pipeline","tags":null,"timeouts":null},"sensitive_values":{}},{"address":"azurerm_role_assignment.accessClusterCreds","mode":"managed","type":"azurerm_role_assignment","name":"accessClusterCreds","provider_name":"registry.terraform.io/hashicorp/azurerm","schema_version":0,"values":{"condition":null,"condition_version":null,"delegated_managed_identity_resource_id":null,"description":null,"role_definition_name":"Azure Kubernetes Service Cluster Admin Role","timeouts":null},"sensitive_values":{}},{"address":"azurerm_role_assignment.clusterAdmin","mode":"managed","type":"azurerm_role_assignment","name":"clusterAdmin","provider_name":"registry.terraform.io/hashicorp/azurerm","schema_version":0,"values":{"condition":null,"condition_version":null,"delegated_managed_identity_resource_id":null,"description":null,"role_definition_name":"Azure Kubernetes Service RBAC Cluster Admin","timeouts":null},"sensitive_values":{}},{"address":"azurerm_subnet.s0","mode":"managed","type":"azurerm_subnet","name":"s0","provider_name":"registry.terraform.io/hashicorp/azurerm","schema_version":0,"values":{"address_prefixes":["10.0.0.0/24"],"delegation":[],"name":"s0","resource_group_name":"cicd_pipeline","service_endpoint_policy_ids":null,"service_endpoints":null,"timeouts":null,"virtual_network_name":"vnet1"},"sensitive_values":{"address_prefixes":[false],"delegation":[]}},{"address":"azurerm_user_assigned_identity.k8sClusterAccess","mode":"managed","type":"azurerm_user_assigned_identity","name":"k8sClusterAccess","provider_name":"registry.terraform.io/hashicorp/azurerm","schema_version":1,"values":{"location":"centralindia","name":"k8sClusterAccess","resource_group_name":"cicd_pipeline","tags":null,"timeouts":null},"sensitive_values":{}},{"address":"azurerm_virtual_network.vnet1","mode":"managed","type":"azurerm_virtual_network","name":"vnet1","provider_name":"registry.terraform.io/hashicorp/azurerm","schema_version":0,"values":{"address_space":["10.0.0.0/16"],"bgp_community":null,"ddos_protection_plan":[],"edge_zone":null,"flow_timeout_in_minutes":null,"location":"centralindia","name":"vnet1","resource_group_name":"cicd_pipeline","tags":null,"timeouts":null},"sensitive_values":{"address_space":[false],"ddos_protection_plan":[],"dns_servers":[],"subnet":[]}},{"address":"local_file.local_key_ansible","mode":"managed","type":"local_file","name":"local_key_ansible","provider_name":"registry.terraform.io/hashicorp/local","schema_version":0,"values":{"content_base64":null,"directory_permission":"0777","file_permission":"0600","filename":"../sshKeys/ansible.key","sensitive_content":null,"source":null},"sensitive_values":{"content":true}},{"address":"local_file.local_key_jenkins","mode":"managed","type":"local_file","name":"local_key_jenkins","provider_name":"registry.terraform.io/hashicorp/local","schema_version":0,"values":{"content_base64":null,"directory_permission":"0777","file_permission":"0600","filename":"../sshKeys/jenkins.key","sensitive_content":null,"source":null},"sensitive_values":{"content":true}},{"address":"tls_private_key.key_ansible","mode":"managed","type":"tls_private_key","name":"key_ansible","provider_name":"registry.terraform.io/hashicorp/tls","schema_version":1,"values":{"algorithm":"RSA","ecdsa_curve":"P224","rsa_bits":4096},"sensitive_values":{}},{"address":"tls_private_key.key_jenkins","mode":"managed","type":"tls_private_key","name":"key_jenkins","provider_name":"registry.terraform.io/hashicorp/tls","schema_version":1,"values":{"algorithm":"RSA","ecdsa_curve":"P224","rsa_bits":4096},"sensitive_values":{}},{"address":"tls_private_key.key_k8sMaster","mode":"managed","type":"tls_private_key","name":"key_k8sMaster","provider_name":"registry.terraform.io/hashicorp/tls","schema_version":1,"values":{"algorithm":"RSA","ecdsa_curve":"P224","rsa_bits":4096},"sensitive_values":{}}]}},"resource_changes":[{"address":"azurerm_kubernetes_cluster.cluster_k8sWorker","mode":"managed","type":"azurerm_kubernetes_cluster","name":"cluster_k8sWorker","provider_name":"registry.terraform.io/hashicorp/azurerm","change":{"actions":["create"],"before":null,"after":{"aci_connector_linux":[],"automatic_channel_upgrade":null,"azure_active_directory_role_based_access_control":[],"azure_policy_enabled":null,"confidential_computing":[],"default_node_pool":[{"capacity_reservation_group_id":null,"custom_ca_trust_enabled":null,"enable_auto_scaling":null,"enable_host_encryption":null,"enable_node_public_ip":true,"fips_enabled":null,"host_group_id":null,"kubelet_config":[],"linux_os_config":[],"max_count":null,"message_of_the_day":null,"min_count":null,"name":"default","node_count":1,"node_network_profile":[],"node_public_ip_prefix_id":null,"node_taints":null,"only_critical_addons_enabled":null,"os_disk_type":"Managed","pod_subnet_id":null,"proximity_placement_group_id":null,"scale_down_mode":"Delete","tags":null,"type":"VirtualMachineScaleSets","ultra_ssd_enabled":false,"upgrade_settings":[],"vm_size":"Standard_D2_v2","vnet_subnet_id":null,"zones":null}],"disk_encryption_set_id":null,"dns_prefix":"k8sworkernode1","dns_prefix_private_cluster":null,"edge_zone":null,"enable_pod_security_policy":null,"http_application_routing_enabled":null,"http_proxy_config":[],"identity":[{"identity_ids":null,"type":"SystemAssigned"}],"image_cleaner_enabled":false,"image_cleaner_interval_hours":48,"ingress_application_gateway":[],"key_management_service":[],"key_vault_secrets_provider":[],"linux_profile":[],"local_account_disabled":null,"location":"centralindia","maintenance_window":[],"microsoft_defender":[],"monitor_metrics":[],"name":"k8sWorker","node_resource_group":"k8sWorker_group","oidc_issuer_enabled":null,"oms_agent":[],"open_service_mesh_enabled":null,"private_cluster_enabled":false,"private_cluster_public_fqdn_enabled":false,"public_network_access_enabled":true,"resource_group_name":"cicd_pipeline","role_based_access_control_enabled":true,"run_command_enabled":true,"service_principal":[],"sku_tier":"Free","storage_profile":[],"tags":null,"timeouts":null,"web_app_routing":[],"workload_autoscaler_profile":[],"workload_identity_enabled":false},"after_unknown":{"aci_connector_linux":[],"api_server_access_profile":true,"api_server_authorized_ip_ranges":true,"auto_scaler_profile":true,"azure_active_directory_role_based_access_control":[],"confidential_computing":[],"default_node_pool":[{"kubelet_config":[],"kubelet_disk_type":true,"linux_os_config":[],"max_pods":true,"node_labels":true,"node_network_profile":[],"orchestrator_version":true,"os_disk_size_gb":true,"os_sku":true,"upgrade_settings":[],"workload_runtime":true}],"fqdn":true,"http_application_routing_zone_name":true,"http_proxy_config":[],"id":true,"identity":[{"principal_id":true,"tenant_id":true}],"ingress_application_gateway":[],"key_management_service":[],"key_vault_secrets_provider":[],"kube_admin_config":true,"kube_admin_config_raw":true,"kube_config":true,"kube_config_raw":true,"kubelet_identity":true,"kubernetes_version":true,"linux_profile":[],"maintenance_window":[],"microsoft_defender":[],"monitor_metrics":[],"network_profile":true,"oidc_issuer_url":true,"oms_agent":[],"portal_fqdn":true,"private_dns_zone_id":true,"private_fqdn":true,"service_principal":[],"storage_profile":[],"web_app_routing":[],"windows_profile":true,"workload_autoscaler_profile":[]},"before_sensitive":false,"after_sensitive":{"aci_connector_linux":[],"api_server_access_profile":[],"api_server_authorized_ip_ranges":[],"auto_scaler_profile":[],"azure_active_directory_role_based_access_control":[],"confidential_computing":[],"default_node_pool":[{"kubelet_config":[],"linux_os_config":[],"node_labels":{},"node_network_profile":[],"upgrade_settings":[]}],"http_proxy_config":[],"identity":[{}],"ingress_application_gateway":[],"key_management_service":[],"key_vault_secrets_provider":[],"kube_admin_config":true,"kube_admin_config_raw":true,"kube_config":true,"kube_config_raw":true,"kubelet_identity":[],"linux_profile":[],"maintenance_window":[],"microsoft_defender":[],"monitor_metrics":[],"network_profile":[],"oms_agent":[],"service_principal":[],"storage_profile":[],"web_app_routing":[],"windows_profile":[],"workload_autoscaler_profile":[]}}},{"address":"azurerm_linux_virtual_machine.vm_ansible","mode":"managed","type":"azurerm_linux_virtual_machine","name":"vm_ansible","provider_name":"registry.terraform.io/hashicorp/azurerm","change":{"actions":["create"],"before":null,"after":{"additional_capabilities":[],"admin_password":null,"admin_ssh_key":[{"username":"azureuser"}],"admin_username":"azureuser","allow_extension_operations":true,"availability_set_id":null,"boot_diagnostics":[],"capacity_reservation_group_id":null,"custom_data":"IyEvYmluL2Jhc2gKYXB0LWdldCB1cGRhdGUKYXB0LWdldCBpbnN0YWxsIC0tbm8taW5zdGFsbC1yZWNvbW1lbmRzIC15IGNhLWNlcnRpZmljYXRlcyBnbnVwZyBqcSBcCiAgICBsc2ItcmVsZWFzZSBnaXQgY3VybCBhbnNpYmxlIHB5dGhvbjMgcHl0aG9uMy1waXAKc3VkbyBta2RpciAtbSAwNzU1IC1wIC9ldGMvYXB0L2tleXJpbmdzCmN1cmwgLWZzU0wgaHR0cHM6Ly9kb3dubG9hZC5kb2NrZXIuY29tL2xpbnV4L3VidW50dS9ncGcgfCBcCiAgICBncGcgLS1kZWFybW9yIC1vIC9ldGMvYXB0L2tleXJpbmdzL2RvY2tlci5ncGcKZWNobyBcCiAgImRlYiBbYXJjaD0kKGRwa2cgLS1wcmludC1hcmNoaXRlY3R1cmUpIHNpZ25lZC1ieT0vZXRjL2FwdC9rZXlyaW5ncy9kb2NrZXIuZ3BnXSBcCiAgaHR0cHM6Ly9kb3dubG9hZC5kb2NrZXIuY29tL2xpbnV4L3VidW50dSBcCiAgJChsc2JfcmVsZWFzZSAtY3MpIHN0YWJsZSIgfCB0ZWUgL2V0Yy9hcHQvc291cmNlcy5saXN0LmQvZG9ja2VyLmxpc3QgPiAvZGV2L251bGwKYXB0LWdldCB1cGRhdGUKYXB0LWdldCBpbnN0YWxsIC15IGRvY2tlci1jZSBkb2NrZXItY2UtY2xpIGNvbnRhaW5lcmQuaW8gXAogICAgZG9ja2VyLWJ1aWxkeC1wbHVnaW4gZG9ja2VyLWNvbXBvc2UtcGx1Z2luCnVzZXJtb2QgLWFHIGRvY2tlciAkKGlkIC1udSAxMDAwKSB8fCA6CmVjaG8gIlB1YmtleUFjY2VwdGVkS2V5VHlwZXMgK3NzaC1yc2EiID4+IC9ldGMvc3NoL3NzaGRfY29uZmlnCnNlcnZpY2Ugc3NoIHJlc3RhcnQKcnVudXNlciAtbCAkKGlkIC1udSAxMDAwKSAtYyAncGlwMyBpbnN0YWxsIGRvY2tlciAmJiBhbnNpYmxlLWdhbGF4eSBjb2xsZWN0aW9uIGluc3RhbGwga3ViZXJuZXRlcy5jb3JlJwo=","dedicated_host_group_id":null,"dedicated_host_id":null,"disable_password_authentication":true,"edge_zone":null,"encryption_at_host_enabled":null,"eviction_policy":null,"extensions_time_budget":"PT1H30M","gallery_application":[],"identity":[],"license_type":null,"location":"centralindia","max_bid_price":-1,"name":"vm-ansible","os_disk":[{"caching":"ReadWrite","diff_disk_settings":[],"disk_encryption_set_id":null,"disk_size_gb":64,"secure_vm_disk_encryption_set_id":null,"security_encryption_type":null,"storage_account_type":"Premium_LRS","write_accelerator_enabled":false}],"patch_assessment_mode":"ImageDefault","patch_mode":"ImageDefault","plan":[],"platform_fault_domain":-1,"priority":"Regular","provision_vm_agent":true,"proximity_placement_group_id":null,"resource_group_name":"cicd_pipeline","secret":[],"secure_boot_enabled":null,"size":"Standard_B1s","source_image_id":null,"source_image_reference":[{"offer":"0001-com-ubuntu-server-jammy","publisher":"Canonical","sku":"22_04-lts-gen2","version":"latest"}],"tags":null,"timeouts":null,"user_data":null,"virtual_machine_scale_set_id":null,"vtpm_enabled":null,"zone":null},"after_unknown":{"additional_capabilities":[],"admin_ssh_key":[{"public_key":true}],"boot_diagnostics":[],"computer_name":true,"gallery_application":[],"id":true,"identity":[],"network_interface_ids":true,"os_disk":[{"diff_disk_settings":[],"name":true}],"plan":[],"private_ip_address":true,"private_ip_addresses":true,"public_ip_address":true,"public_ip_addresses":true,"secret":[],"source_image_reference":[{}],"termination_notification":true,"virtual_machine_id":true},"before_sensitive":false,"after_sensitive":{"additional_capabilities":[],"admin_password":true,"admin_ssh_key":[{}],"boot_diagnostics":[],"custom_data":true,"gallery_application":[],"identity":[],"network_interface_ids":[],"os_disk":[{"diff_disk_settings":[]}],"plan":[],"private_ip_addresses":[],"public_ip_addresses":[],"secret":[],"source_image_reference":[{}],"termination_notification":[]}}},{"address":"azurerm_linux_virtual_machine.vm_jenkins","mode":"managed","type":"azurerm_linux_virtual_machine","name":"vm_jenkins","provider_name":"registry.terraform.io/hashicorp/azurerm","change":{"actions":["create"],"before":null,"after":{"additional_capabilities":[],"admin_password":null,"admin_ssh_key":[{"username":"azureuser"}],"admin_username":"azureuser","allow_extension_operations":true,"availability_set_id":null,"boot_diagnostics":[],"capacity_reservation_group_id":null,"custom_data":"IyEvYmluL2Jhc2gKYXB0LWdldCB1cGRhdGUKYXB0LWdldCBpbnN0YWxsIC0tbm8taW5zdGFsbC1yZWNvbW1lbmRzIC15IGNhLWNlcnRpZmljYXRlcyBnbnVwZyBnaXQgd2dldCBtYXZlbiBcCiAgICBjdXJsIGFwdC10cmFuc3BvcnQtaHR0cHMgZGVmYXVsdC1qZGsKY3VybCAtZnNTTCBodHRwczovL3BrZy5qZW5raW5zLmlvL2RlYmlhbi1zdGFibGUvamVua2lucy5pby5rZXkgfCB0ZWUgXAovdXNyL3NoYXJlL2tleXJpbmdzL2plbmtpbnMta2V5cmluZy5hc2MgPiAvZGV2L251bGwKZWNobyBkZWIgW3NpZ25lZC1ieT0vdXNyL3NoYXJlL2tleXJpbmdzL2plbmtpbnMta2V5cmluZy5hc2NdIFwKICAgIGh0dHBzOi8vcGtnLmplbmtpbnMuaW8vZGViaWFuLXN0YWJsZSBiaW5hcnkvIHwgdGVlIFwKICAgIC9ldGMvYXB0L3NvdXJjZXMubGlzdC5kL2plbmtpbnMubGlzdCA+IC9kZXYvbnVsbAphcHQtZ2V0IHVwZGF0ZQphcHQtZ2V0IGluc3RhbGwgLS1uby1pbnN0YWxsLXJlY29tbWVuZHMgLXkgamVua2lucwpzeXN0ZW1jdGwgZW5hYmxlIGplbmtpbnMKc2VydmljZSBqZW5raW5zIHN0YXJ0Cm12IC9ob21lLyQoaWQgLW51IDEwMDApLy5zc2gvYW5zaWJsZS5rZXkgL3Zhci9saWIvamVua2lucwpjaG93biBqZW5raW5zOmplbmtpbnMgL3Zhci9saWIvamVua2lucy9hbnNpYmxlLmtleQo=","dedicated_host_group_id":null,"dedicated_host_id":null,"disable_password_authentication":true,"edge_zone":null,"encryption_at_host_enabled":null,"eviction_policy":null,"extensions_time_budget":"PT1H30M","gallery_application":[],"identity":[],"license_type":null,"location":"centralindia","max_bid_price":-1,"name":"vm-jenkins","os_disk":[{"caching":"ReadWrite","diff_disk_settings":[],"disk_encryption_set_id":null,"disk_size_gb":64,"secure_vm_disk_encryption_set_id":null,"security_encryption_type":null,"storage_account_type":"Premium_LRS","write_accelerator_enabled":false}],"patch_assessment_mode":"ImageDefault","patch_mode":"ImageDefault","plan":[],"platform_fault_domain":-1,"priority":"Regular","provision_vm_agent":true,"proximity_placement_group_id":null,"resource_group_name":"cicd_pipeline","secret":[],"secure_boot_enabled":null,"size":"Standard_B1s","source_image_id":null,"source_image_reference":[{"offer":"0001-com-ubuntu-server-jammy","publisher":"Canonical","sku":"22_04-lts-gen2","version":"latest"}],"tags":null,"timeouts":null,"user_data":null,"virtual_machine_scale_set_id":null,"vtpm_enabled":null,"zone":null},"after_unknown":{"additional_capabilities":[],"admin_ssh_key":[{"public_key":true}],"boot_diagnostics":[],"computer_name":true,"gallery_application":[],"id":true,"identity":[],"network_interface_ids":true,"os_disk":[{"diff_disk_settings":[],"name":true}],"plan":[],"private_ip_address":true,"private_ip_addresses":true,"public_ip_address":true,"public_ip_addresses":true,"secret":[],"source_image_reference":[{}],"termination_notification":true,"virtual_machine_id":true},"before_sensitive":false,"after_sensitive":{"additional_capabilities":[],"admin_password":true,"admin_ssh_key":[{}],"boot_diagnostics":[],"custom_data":true,"gallery_application":[],"identity":[],"network_interface_ids":[],"os_disk":[{"diff_disk_settings":[]}],"plan":[],"private_ip_addresses":[],"public_ip_addresses":[],"secret":[],"source_image_reference":[{}],"termination_notification":[]}}},{"address":"azurerm_linux_virtual_machine.vm_k8sMaster","mode":"managed","type":"azurerm_linux_virtual_machine","name":"vm_k8sMaster","provider_name":"registry.terraform.io/hashicorp/azurerm","change":{"actions":["create"],"before":null,"after":{"additional_capabilities":[],"admin_password":null,"admin_ssh_key":[{"username":"azureuser"}],"admin_username":"azureuser","allow_extension_operations":true,"availability_set_id":null,"boot_diagnostics":[],"capacity_reservation_group_id":null,"custom_data":null,"dedicated_host_group_id":null,"dedicated_host_id":null,"disable_password_authentication":true,"edge_zone":null,"encryption_at_host_enabled":null,"eviction_policy":null,"extensions_time_budget":"PT1H30M","gallery_application":[],"identity":[{"type":"UserAssigned"}],"license_type":null,"location":"centralindia","max_bid_price":-1,"name":"vm-k8sMaster","os_disk":[{"caching":"ReadWrite","diff_disk_settings":[],"disk_encryption_set_id":null,"disk_size_gb":64,"secure_vm_disk_encryption_set_id":null,"security_encryption_type":null,"storage_account_type":"Premium_LRS","write_accelerator_enabled":false}],"patch_assessment_mode":"ImageDefault","patch_mode":"ImageDefault","plan":[],"platform_fault_domain":-1,"priority":"Regular","provision_vm_agent":true,"proximity_placement_group_id":null,"resource_group_name":"cicd_pipeline","secret":[],"secure_boot_enabled":null,"size":"Standard_B1s","source_image_id":null,"source_image_reference":[{"offer":"0001-com-ubuntu-server-jammy","publisher":"Canonical","sku":"22_04-lts-gen2","version":"latest"}],"tags":null,"timeouts":null,"user_data":null,"virtual_machine_scale_set_id":null,"vtpm_enabled":null,"zone":null},"after_unknown":{"additional_capabilities":[],"admin_ssh_key":[{"public_key":true}],"boot_diagnostics":[],"computer_name":true,"gallery_application":[],"id":true,"identity":[{"identity_ids":true,"principal_id":true,"tenant_id":true}],"network_interface_ids":true,"os_disk":[{"diff_disk_settings":[],"name":true}],"plan":[],"private_ip_address":true,"private_ip_addresses":true,"public_ip_address":true,"public_ip_addresses":true,"secret":[],"source_image_reference":[{}],"termination_notification":true,"virtual_machine_id":true},"before_sensitive":false,"after_sensitive":{"additional_capabilities":[],"admin_password":true,"admin_ssh_key":[{}],"boot_diagnostics":[],"custom_data":true,"gallery_application":[],"identity":[{"identity_ids":[]}],"network_interface_ids":[],"os_disk":[{"diff_disk_settings":[]}],"plan":[],"private_ip_addresses":[],"public_ip_addresses":[],"secret":[],"source_image_reference":[{}],"termination_notification":[]}}},{"address":"azurerm_network_interface.nic_ansible","mode":"managed","type":"azurerm_network_interface","name":"nic_ansible","provider_name":"registry.terraform.io/hashicorp/azurerm","change":{"actions":["create"],"before":null,"after":{"edge_zone":null,"enable_accelerated_networking":false,"enable_ip_forwarding":false,"ip_configuration":[{"name":"internal","private_ip_address":"10.0.0.6","private_ip_address_allocation":"Static","private_ip_address_version":"IPv4"}],"location":"centralindia","name":"nic_ansible","resource_group_name":"cicd_pipeline","tags":null,"timeouts":null},"after_unknown":{"applied_dns_servers":true,"dns_servers":true,"id":true,"internal_dns_name_label":true,"internal_domain_name_suffix":true,"ip_configuration":[{"gateway_load_balancer_frontend_ip_configuration_id":true,"primary":true,"public_ip_address_id":true,"subnet_id":true}],"mac_address":true,"private_ip_address":true,"private_ip_addresses":true,"virtual_machine_id":true},"before_sensitive":false,"after_sensitive":{"applied_dns_servers":[],"dns_servers":[],"ip_configuration":[{}],"private_ip_addresses":[]}}},{"address":"azurerm_network_interface.nic_jenkins","mode":"managed","type":"azurerm_network_interface","name":"nic_jenkins","provider_name":"registry.terraform.io/hashicorp/azurerm","change":{"actions":["create"],"before":null,"after":{"edge_zone":null,"enable_accelerated_networking":false,"enable_ip_forwarding":false,"ip_configuration":[{"name":"internal","private_ip_address":"10.0.0.5","private_ip_address_allocation":"Static","private_ip_address_version":"IPv4"}],"location":"centralindia","name":"nic_jenkins","resource_group_name":"cicd_pipeline","tags":null,"timeouts":null},"after_unknown":{"applied_dns_servers":true,"dns_servers":true,"id":true,"internal_dns_name_label":true,"internal_domain_name_suffix":true,"ip_configuration":[{"gateway_load_balancer_frontend_ip_configuration_id":true,"primary":true,"public_ip_address_id":true,"subnet_id":true}],"mac_address":true,"private_ip_address":true,"private_ip_addresses":true,"virtual_machine_id":true},"before_sensitive":false,"after_sensitive":{"applied_dns_servers":[],"dns_servers":[],"ip_configuration":[{}],"private_ip_addresses":[]}}},{"address":"azurerm_network_interface.nic_k8sMaster","mode":"managed","type":"azurerm_network_interface","name":"nic_k8sMaster","provider_name":"registry.terraform.io/hashicorp/azurerm","change":{"actions":["create"],"before":null,"after":{"edge_zone":null,"enable_accelerated_networking":false,"enable_ip_forwarding":false,"ip_configuration":[{"name":"internal","private_ip_address":"10.0.0.7","private_ip_address_allocation":"Static","private_ip_address_version":"IPv4"}],"location":"centralindia","name":"nic_k8sMaster","resource_group_name":"cicd_pipeline","tags":null,"timeouts":null},"after_unknown":{"applied_dns_servers":true,"dns_servers":true,"id":true,"internal_dns_name_label":true,"internal_domain_name_suffix":true,"ip_configuration":[{"gateway_load_balancer_frontend_ip_configuration_id":true,"primary":true,"public_ip_address_id":true,"subnet_id":true}],"mac_address":true,"private_ip_address":true,"private_ip_addresses":true,"virtual_machine_id":true},"before_sensitive":false,"after_sensitive":{"applied_dns_servers":[],"dns_servers":[],"ip_configuration":[{}],"private_ip_addresses":[]}}},{"address":"azurerm_network_interface_security_group_association.anisga_ansible","mode":"managed","type":"azurerm_network_interface_security_group_association","name":"anisga_ansible","provider_name":"registry.terraform.io/hashicorp/azurerm","change":{"actions":["create"],"before":null,"after":{"timeouts":null},"after_unknown":{"id":true,"network_interface_id":true,"network_security_group_id":true},"before_sensitive":false,"after_sensitive":{}}},{"address":"azurerm_network_interface_security_group_association.anisga_jenkins","mode":"managed","type":"azurerm_network_interface_security_group_association","name":"anisga_jenkins","provider_name":"registry.terraform.io/hashicorp/azurerm","change":{"actions":["create"],"before":null,"after":{"timeouts":null},"after_unknown":{"id":true,"network_interface_id":true,"network_security_group_id":true},"before_sensitive":false,"after_sensitive":{}}},{"address":"azurerm_network_interface_security_group_association.anisga_k8sMaster","mode":"managed","type":"azurerm_network_interface_security_group_association","name":"anisga_k8sMaster","provider_name":"registry.terraform.io/hashicorp/azurerm","change":{"actions":["create"],"before":null,"after":{"timeouts":null},"after_unknown":{"id":true,"network_interface_id":true,"network_security_group_id":true},"before_sensitive":false,"after_sensitive":{}}},{"address":"azurerm_network_security_group.nsg_ansible","mode":"managed","type":"azurerm_network_security_group","name":"nsg_ansible","provider_name":"registry.terraform.io/hashicorp/azurerm","change":{"actions":["create"],"before":null,"after":{"location":"centralindia","name":"nsg_ansible","resource_group_name":"cicd_pipeline","security_rule":[{"access":"Allow","description":"","destination_address_prefix":"*","destination_address_prefixes":[],"destination_application_security_group_ids":[],"destination_port_range":"22","destination_port_ranges":[],"direction":"Inbound","name":"Allow-SSH","priority":200,"protocol":"Tcp","source_address_prefix":"*","source_address_prefixes":[],"source_application_security_group_ids":[],"source_port_range":"*","source_port_ranges":[]}],"tags":null,"timeouts":null},"after_unknown":{"id":true,"security_rule":[{"destination_address_prefixes":[],"destination_application_security_group_ids":[],"destination_port_ranges":[],"source_address_prefixes":[],"source_application_security_group_ids":[],"source_port_ranges":[]}]},"before_sensitive":false,"after_sensitive":{"security_rule":[{"destination_address_prefixes":[],"destination_application_security_group_ids":[],"destination_port_ranges":[],"source_address_prefixes":[],"source_application_security_group_ids":[],"source_port_ranges":[]}]}}},{"address":"azurerm_network_security_group.nsg_jenkins","mode":"managed","type":"azurerm_network_security_group","name":"nsg_jenkins","provider_name":"registry.terraform.io/hashicorp/azurerm","change":{"actions":["create"],"before":null,"after":{"location":"centralindia","name":"nsg_jenkins","resource_group_name":"cicd_pipeline","security_rule":[{"access":"Allow","description":"","destination_address_prefix":"*","destination_address_prefixes":[],"destination_application_security_group_ids":[],"destination_port_range":"22","destination_port_ranges":[],"direction":"Inbound","name":"Allow-SSH","priority":200,"protocol":"Tcp","source_address_prefix":"*","source_address_prefixes":[],"source_application_security_group_ids":[],"source_port_range":"*","source_port_ranges":[]},{"access":"Allow","description":"","destination_address_prefix":"*","destination_address_prefixes":[],"destination_application_security_group_ids":[],"destination_port_range":"8080","destination_port_ranges":[],"direction":"Inbound","name":"Allow-Jenkins","priority":100,"protocol":"Tcp","source_address_prefix":"*","source_address_prefixes":[],"source_application_security_group_ids":[],"source_port_range":"*","source_port_ranges":[]}],"tags":null,"timeouts":null},"after_unknown":{"id":true,"security_rule":[{"destination_address_prefixes":[],"destination_application_security_group_ids":[],"destination_port_ranges":[],"source_address_prefixes":[],"source_application_security_group_ids":[],"source_port_ranges":[]},{"destination_address_prefixes":[],"destination_application_security_group_ids":[],"destination_port_ranges":[],"source_address_prefixes":[],"source_application_security_group_ids":[],"source_port_ranges":[]}]},"before_sensitive":false,"after_sensitive":{"security_rule":[{"destination_address_prefixes":[],"destination_application_security_group_ids":[],"destination_port_ranges":[],"source_address_prefixes":[],"source_application_security_group_ids":[],"source_port_ranges":[]},{"destination_address_prefixes":[],"destination_application_security_group_ids":[],"destination_port_ranges":[],"source_address_prefixes":[],"source_application_security_group_ids":[],"source_port_ranges":[]}]}}},{"address":"azurerm_network_security_group.nsg_k8sMaster","mode":"managed","type":"azurerm_network_security_group","name":"nsg_k8sMaster","provider_name":"registry.terraform.io/hashicorp/azurerm","change":{"actions":["create"],"before":null,"after":{"location":"centralindia","name":"nsg_k8sMaster","resource_group_name":"cicd_pipeline","security_rule":[{"access":"Allow","description":"","destination_address_prefix":"*","destination_address_prefixes":[],"destination_application_security_group_ids":[],"destination_port_range":"10250","destination_port_ranges":[],"direction":"Inbound","name":"KubeletAPI","priority":400,"protocol":"Tcp","source_address_prefix":"*","source_address_prefixes":[],"source_application_security_group_ids":[],"source_port_range":"*","source_port_ranges":[]},{"access":"Allow","description":"","destination_address_prefix":"*","destination_address_prefixes":[],"destination_application_security_group_ids":[],"destination_port_range":"10257","destination_port_ranges":[],"direction":"Inbound","name":"kube-controller-manager","priority":600,"protocol":"Tcp","source_address_prefix":"*","source_address_prefixes":[],"source_application_security_group_ids":[],"source_port_range":"*","source_port_ranges":[]},{"access":"Allow","description":"","destination_address_prefix":"*","destination_address_prefixes":[],"destination_application_security_group_ids":[],"destination_port_range":"10259","destination_port_ranges":[],"direction":"Inbound","name":"kube-scheduler","priority":500,"protocol":"Tcp","source_address_prefix":"*","source_address_prefixes":[],"source_application_security_group_ids":[],"source_port_range":"*","source_port_ranges":[]},{"access":"Allow","description":"","destination_address_prefix":"*","destination_address_prefixes":[],"destination_application_security_group_ids":[],"destination_port_range":"22","destination_port_ranges":[],"direction":"Inbound","name":"Allow-SSH","priority":100,"protocol":"Tcp","source_address_prefix":"*","source_address_prefixes":[],"source_application_security_group_ids":[],"source_port_range":"*","source_port_ranges":[]},{"access":"Allow","description":"","destination_address_prefix":"*","destination_address_prefixes":[],"destination_application_security_group_ids":[],"destination_port_range":"2379-2380","destination_port_ranges":[],"direction":"Inbound","name":"etcdServerClientAPI","priority":300,"protocol":"Tcp","source_address_prefix":"*","source_address_prefixes":[],"source_application_security_group_ids":[],"source_port_range":"*","source_port_ranges":[]},{"access":"Allow","description":"","destination_address_prefix":"*","destination_address_prefixes":[],"destination_application_security_group_ids":[],"destination_port_range":"6443","destination_port_ranges":[],"direction":"Inbound","name":"KubernetesAPIserver","priority":200,"protocol":"Tcp","source_address_prefix":"*","source_address_prefixes":[],"source_application_security_group_ids":[],"source_port_range":"*","source_port_ranges":[]}],"tags":null,"timeouts":null},"after_unknown":{"id":true,"security_rule":[{"destination_address_prefixes":[],"destination_application_security_group_ids":[],"destination_port_ranges":[],"source_address_prefixes":[],"source_application_security_group_ids":[],"source_port_ranges":[]},{"destination_address_prefixes":[],"destination_application_security_group_ids":[],"destination_port_ranges":[],"source_address_prefixes":[],"source_application_security_group_ids":[],"source_port_ranges":[]},{"destination_address_prefixes":[],"destination_application_security_group_ids":[],"destination_port_ranges":[],"source_address_prefixes":[],"source_application_security_group_ids":[],"source_port_ranges":[]},{"destination_address_prefixes":[],"destination_application_security_group_ids":[],"destination_port_ranges":[],"source_address_prefixes":[],"source_application_security_group_ids":[],"source_port_ranges":[]},{"destination_address_prefixes":[],"destination_application_security_group_ids":[],"destination_port_ranges":[],"source_address_prefixes":[],"source_application_security_group_ids":[],"source_port_ranges":[]},{"destination_address_prefixes":[],"destination_application_security_group_ids":[],"destination_port_ranges":[],"source_address_prefixes":[],"source_application_security_group_ids":[],"source_port_ranges":[]}]},"before_sensitive":false,"after_sensitive":{"security_rule":[{"destination_address_prefixes":[],"destination_application_security_group_ids":[],"destination_port_ranges":[],"source_address_prefixes":[],"source_application_security_group_ids":[],"source_port_ranges":[]},{"destination_address_prefixes":[],"destination_application_security_group_ids":[],"destination_port_ranges":[],"source_address_prefixes":[],"source_application_security_group_ids":[],"source_port_ranges":[]},{"destination_address_prefixes":[],"destination_application_security_group_ids":[],"destination_port_ranges":[],"source_address_prefixes":[],"source_application_security_group_ids":[],"source_port_ranges":[]},{"destination_address_prefixes":[],"destination_application_security_group_ids":[],"destination_port_ranges":[],"source_address_prefixes":[],"source_application_security_group_ids":[],"source_port_ranges":[]},{"destination_address_prefixes":[],"destination_application_security_group_ids":[],"destination_port_ranges":[],"source_address_prefixes":[],"source_application_security_group_ids":[],"source_port_ranges":[]},{"destination_address_prefixes":[],"destination_application_security_group_ids":[],"destination_port_ranges":[],"source_address_prefixes":[],"source_application_security_group_ids":[],"source_port_ranges":[]}]}}},{"address":"azurerm_public_ip.ip_ansible","mode":"managed","type":"azurerm_public_ip","name":"ip_ansible","provider_name":"registry.terraform.io/hashicorp/azurerm","change":{"actions":["create"],"before":null,"after":{"allocation_method":"Dynamic","ddos_protection_mode":"VirtualNetworkInherited","ddos_protection_plan_id":null,"domain_name_label":null,"edge_zone":null,"idle_timeout_in_minutes":4,"ip_tags":null,"ip_version":"IPv4","location":"centralindia","name":"ip_ansible","public_ip_prefix_id":null,"resource_group_name":"cicd_pipeline","reverse_fqdn":null,"sku":"Basic","sku_tier":"Regional","tags":null,"timeouts":null,"zones":null},"after_unknown":{"fqdn":true,"id":true,"ip_address":true},"before_sensitive":false,"after_sensitive":{}}},{"address":"azurerm_public_ip.ip_ingress","mode":"managed","type":"azurerm_public_ip","name":"ip_ingress","provider_name":"registry.terraform.io/hashicorp/azurerm","change":{"actions":["create"],"before":null,"after":{"allocation_method":"Static","ddos_protection_mode":"VirtualNetworkInherited","ddos_protection_plan_id":null,"domain_name_label":null,"edge_zone":null,"idle_timeout_in_minutes":4,"ip_tags":null,"ip_version":"IPv4","location":"centralindia","name":"ip_ingress","public_ip_prefix_id":null,"resource_group_name":"k8sWorker_group","reverse_fqdn":null,"sku":"Standard","sku_tier":"Regional","tags":null,"timeouts":null,"zones":null},"after_unknown":{"fqdn":true,"id":true,"ip_address":true},"before_sensitive":false,"after_sensitive":{}}},{"address":"azurerm_public_ip.ip_jenkins","mode":"managed","type":"azurerm_public_ip","name":"ip_jenkins","provider_name":"registry.terraform.io/hashicorp/azurerm","change":{"actions":["create"],"before":null,"after":{"allocation_method":"Dynamic","ddos_protection_mode":"VirtualNetworkInherited","ddos_protection_plan_id":null,"domain_name_label":null,"edge_zone":null,"idle_timeout_in_minutes":4,"ip_tags":null,"ip_version":"IPv4","location":"centralindia","name":"ip_jenkins","public_ip_prefix_id":null,"resource_group_name":"cicd_pipeline","reverse_fqdn":null,"sku":"Basic","sku_tier":"Regional","tags":null,"timeouts":null,"zones":null},"after_unknown":{"fqdn":true,"id":true,"ip_address":true},"before_sensitive":false,"after_sensitive":{}}},{"address":"azurerm_public_ip.ip_k8sMaster","mode":"managed","type":"azurerm_public_ip","name":"ip_k8sMaster","provider_name":"registry.terraform.io/hashicorp/azurerm","change":{"actions":["create"],"before":null,"after":{"allocation_method":"Dynamic","ddos_protection_mode":"VirtualNetworkInherited","ddos_protection_plan_id":null,"domain_name_label":null,"edge_zone":null,"idle_timeout_in_minutes":4,"ip_tags":null,"ip_version":"IPv4","location":"centralindia","name":"ip_k8sMaster","public_ip_prefix_id":null,"resource_group_name":"cicd_pipeline","reverse_fqdn":null,"sku":"Basic","sku_tier":"Regional","tags":null,"timeouts":null,"zones":null},"after_unknown":{"fqdn":true,"id":true,"ip_address":true},"before_sensitive":false,"after_sensitive":{}}},{"address":"azurerm_resource_group.rg1","mode":"managed","type":"azurerm_resource_group","name":"rg1","provider_name":"registry.terraform.io/hashicorp/azurerm","change":{"actions":["create"],"before":null,"after":{"location":"centralindia","name":"cicd_pipeline","tags":null,"timeouts":null},"after_unknown":{"id":true},"before_sensitive":false,"after_sensitive":{}}},{"address":"azurerm_role_assignment.accessClusterCreds","mode":"managed","type":"azurerm_role_assignment","name":"accessClusterCreds","provider_name":"registry.terraform.io/hashicorp/azurerm","change":{"actions":["create"],"before":null,"after":{"condition":null,"condition_version":null,"delegated_managed_identity_resource_id":null,"description":null,"role_definition_name":"Azure Kubernetes Service Cluster Admin Role","timeouts":null},"after_unknown":{"id":true,"name":true,"principal_id":true,"principal_type":true,"role_definition_id":true,"scope":true,"skip_service_principal_aad_check":true},"before_sensitive":false,"after_sensitive":{}}},{"address":"azurerm_role_assignment.clusterAdmin","mode":"managed","type":"azurerm_role_assignment","name":"clusterAdmin","provider_name":"registry.terraform.io/hashicorp/azurerm","change":{"actions":["create"],"before":null,"after":{"condition":null,"condition_version":null,"delegated_managed_identity_resource_id":null,"description":null,"role_definition_name":"Azure Kubernetes Service RBAC Cluster Admin","timeouts":null},"after_unknown":{"id":true,"name":true,"principal_id":true,"principal_type":true,"role_definition_id":true,"scope":true,"skip_service_principal_aad_check":true},"before_sensitive":false,"after_sensitive":{}}},{"address":"azurerm_subnet.s0","mode":"managed","type":"azurerm_subnet","name":"s0","provider_name":"registry.terraform.io/hashicorp/azurerm","change":{"actions":["create"],"before":null,"after":{"address_prefixes":["10.0.0.0/24"],"delegation":[],"name":"s0","resource_group_name":"cicd_pipeline","service_endpoint_policy_ids":null,"service_endpoints":null,"timeouts":null,"virtual_network_name":"vnet1"},"after_unknown":{"address_prefixes":[false],"delegation":[],"enforce_private_link_endpoint_network_policies":true,"enforce_private_link_service_network_policies":true,"id":true,"private_endpoint_network_policies_enabled":true,"private_link_service_network_policies_enabled":true},"before_sensitive":false,"after_sensitive":{"address_prefixes":[false],"delegation":[]}}},{"address":"azurerm_user_assigned_identity.k8sClusterAccess","mode":"managed","type":"azurerm_user_assigned_identity","name":"k8sClusterAccess","provider_name":"registry.terraform.io/hashicorp/azurerm","change":{"actions":["create"],"before":null,"after":{"location":"centralindia","name":"k8sClusterAccess","resource_group_name":"cicd_pipeline","tags":null,"timeouts":null},"after_unknown":{"client_id":true,"id":true,"principal_id":true,"tenant_id":true},"before_sensitive":false,"after_sensitive":{}}},{"address":"azurerm_virtual_network.vnet1","mode":"managed","type":"azurerm_virtual_network","name":"vnet1","provider_name":"registry.terraform.io/hashicorp/azurerm","change":{"actions":["create"],"before":null,"after":{"address_space":["10.0.0.0/16"],"bgp_community":null,"ddos_protection_plan":[],"edge_zone":null,"flow_timeout_in_minutes":null,"location":"centralindia","name":"vnet1","resource_group_name":"cicd_pipeline","tags":null,"timeouts":null},"after_unknown":{"address_space":[false],"ddos_protection_plan":[],"dns_servers":true,"guid":true,"id":true,"subnet":true},"before_sensitive":false,"after_sensitive":{"address_space":[false],"ddos_protection_plan":[],"dns_servers":[],"subnet":[]}}},{"address":"local_file.local_key_ansible","mode":"managed","type":"local_file","name":"local_key_ansible","provider_name":"registry.terraform.io/hashicorp/local","change":{"actions":["create"],"before":null,"after":{"content_base64":null,"directory_permission":"0777","file_permission":"0600","filename":"../sshKeys/ansible.key","sensitive_content":null,"source":null},"after_unknown":{"content":true,"id":true},"before_sensitive":false,"after_sensitive":{"content":true,"sensitive_content":true}}},{"address":"local_file.local_key_jenkins","mode":"managed","type":"local_file","name":"local_key_jenkins","provider_name":"registry.terraform.io/hashicorp/local","change":{"actions":["create"],"before":null,"after":{"content_base64":null,"directory_permission":"0777","file_permission":"0600","filename":"../sshKeys/jenkins.key","sensitive_content":null,"source":null},"after_unknown":{"content":true,"id":true},"before_sensitive":false,"after_sensitive":{"content":true,"sensitive_content":true}}},{"address":"tls_private_key.key_ansible","mode":"managed","type":"tls_private_key","name":"key_ansible","provider_name":"registry.terraform.io/hashicorp/tls","change":{"actions":["create"],"before":null,"after":{"algorithm":"RSA","ecdsa_curve":"P224","rsa_bits":4096},"after_unknown":{"id":true,"private_key_openssh":true,"private_key_pem":true,"private_key_pem_pkcs8":true,"public_key_fingerprint_md5":true,"public_key_fingerprint_sha256":true,"public_key_openssh":true,"public_key_pem":true},"before_sensitive":false,"after_sensitive":{"private_key_openssh":true,"private_key_pem":true,"private_key_pem_pkcs8":true}}},{"address":"tls_private_key.key_jenkins","mode":"managed","type":"tls_private_key","name":"key_jenkins","provider_name":"registry.terraform.io/hashicorp/tls","change":{"actions":["create"],"before":null,"after":{"algorithm":"RSA","ecdsa_curve":"P224","rsa_bits":4096},"after_unknown":{"id":true,"private_key_openssh":true,"private_key_pem":true,"private_key_pem_pkcs8":true,"public_key_fingerprint_md5":true,"public_key_fingerprint_sha256":true,"public_key_openssh":true,"public_key_pem":true},"before_sensitive":false,"after_sensitive":{"private_key_openssh":true,"private_key_pem":true,"private_key_pem_pkcs8":true}}},{"address":"tls_private_key.key_k8sMaster","mode":"managed","type":"tls_private_key","name":"key_k8sMaster","provider_name":"registry.terraform.io/hashicorp/tls","change":{"actions":["create"],"before":null,"after":{"algorithm":"RSA","ecdsa_curve":"P224","rsa_bits":4096},"after_unknown":{"id":true,"private_key_openssh":true,"private_key_pem":true,"private_key_pem_pkcs8":true,"public_key_fingerprint_md5":true,"public_key_fingerprint_sha256":true,"public_key_openssh":true,"public_key_pem":true},"before_sensitive":false,"after_sensitive":{"private_key_openssh":true,"private_key_pem":true,"private_key_pem_pkcs8":true}}}],"output_changes":{"private_ip_ansible":{"actions":["create"],"before":null,"after_unknown":true,"before_sensitive":false,"after_sensitive":false},"private_ip_jenkins":{"actions":["create"],"before":null,"after_unknown":true,"before_sensitive":false,"after_sensitive":false},"private_ip_k8sMaster":{"actions":["create"],"before":null,"after_unknown":true,"before_sensitive":false,"after_sensitive":false},"public_endpoint":{"actions":["create"],"before":null,"after_unknown":true,"before_sensitive":false,"after_sensitive":false},"public_ip_ansible":{"actions":["create"],"before":null,"after_unknown":true,"before_sensitive":false,"after_sensitive":false},"public_ip_jenkins":{"actions":["create"],"before":null,"after_unknown":true,"before_sensitive":false,"after_sensitive":false}},"configuration":{"provider_config":{"azurerm":{"name":"azurerm","full_name":"registry.terraform.io/hashicorp/azurerm","version_constraint":"3.44.1","expressions":{"features":[{}]}},"local":{"name":"local","full_name":"registry.terraform.io/hashicorp/local"},"tls":{"name":"tls","full_name":"registry.terraform.io/hashicorp/tls"}},"root_module":{"outputs":{"private_ip_ansible":{"expression":{"references":["azurerm_linux_virtual_machine.vm_ansible.private_ip_address","azurerm_linux_virtual_machine.vm_ansible"]}},"private_ip_jenkins":{"expression":{"references":["azurerm_linux_virtual_machine.vm_jenkins.private_ip_address","azurerm_linux_virtual_machine.vm_jenkins"]}},"private_ip_k8sMaster":{"expression":{"references":["azurerm_linux_virtual_machine.vm_k8sMaster.private_ip_address","azurerm_linux_virtual_machine.vm_k8sMaster"]}},"public_endpoint":{"expression":{"references":["azurerm_public_ip.ip_ingress.ip_address","azurerm_public_ip.ip_ingress"]}},"public_ip_ansible":{"expression":{"references":["azurerm_linux_virtual_machine.vm_ansible.public_ip_address","azurerm_linux_virtual_machine.vm_ansible"]}},"public_ip_jenkins":{"expression":{"references":["azurerm_linux_virtual_machine.vm_jenkins.public_ip_address","azurerm_linux_virtual_machine.vm_jenkins"]}}},"resources":[{"address":"azurerm_kubernetes_cluster.cluster_k8sWorker","mode":"managed","type":"azurerm_kubernetes_cluster","name":"cluster_k8sWorker","provider_config_key":"azurerm","expressions":{"default_node_pool":[{"enable_node_public_ip":{"constant_value":true},"name":{"constant_value":"default"},"node_count":{"constant_value":1},"vm_size":{"constant_value":"Standard_D2_v2"}}],"dns_prefix":{"constant_value":"k8sworkernode1"},"identity":[{"type":{"constant_value":"SystemAssigned"}}],"location":{"references":["azurerm_resource_group.rg1.location","azurerm_resource_group.rg1"]},"name":{"constant_value":"k8sWorker"},"node_resource_group":{"constant_value":"k8sWorker_group"},"resource_group_name":{"references":["azurerm_resource_group.rg1.name","azurerm_resource_group.rg1"]}},"schema_version":2},{"address":"azurerm_linux_virtual_machine.vm_ansible","mode":"managed","type":"azurerm_linux_virtual_machine","name":"vm_ansible","provider_config_key":"azurerm","provisioners":[{"type":"file","expressions":{"content":{"references":["tls_private_key.key_ansible.public_key_openssh","tls_private_key.key_ansible"]},"destination":{"references":["var.user"]}}},{"type":"file","expressions":{"content":{"references":["tls_private_key.key_ansible.private_key_openssh","tls_private_key.key_ansible"]},"destination":{"references":["var.user"]}}},{"type":"remote-exec","expressions":{"inline":{"references":["var.user","var.user"]}}},{"type":"file","expressions":{"destination":{"constant_value":"/etc/ansible"},"source":{"constant_value":"../configFiles/ansible/config/"}}},{"type":"file","expressions":{"destination":{"references":["var.user"]},"source":{"constant_value":"../configFiles/ansible/assets/"}}},{"type":"remote-exec","expressions":{"inline":{"references":["var.user","var.user","azurerm_linux_virtual_machine.vm_k8sMaster.private_ip_address","azurerm_linux_virtual_machine.vm_k8sMaster"]}}}],"expressions":{"admin_ssh_key":[{"public_key":{"references":["tls_private_key.key_ansible.public_key_openssh","tls_private_key.key_ansible"]},"username":{"references":["var.user"]}}],"admin_username":{"references":["var.user"]},"custom_data":{},"location":{"references":["azurerm_resource_group.rg1.location","azurerm_resource_group.rg1"]},"name":{"constant_value":"vm-ansible"},"network_interface_ids":{"references":["azurerm_network_interface.nic_ansible.id","azurerm_network_interface.nic_ansible"]},"os_disk":[{"caching":{"constant_value":"ReadWrite"},"disk_size_gb":{"constant_value":"64"},"storage_account_type":{"constant_value":"Premium_LRS"}}],"resource_group_name":{"references":["azurerm_resource_group.rg1.name","azurerm_resource_group.rg1"]},"size":{"constant_value":"Standard_B1s"},"source_image_reference":[{"offer":{"constant_value":"0001-com-ubuntu-server-jammy"},"publisher":{"constant_value":"Canonical"},"sku":{"constant_value":"22_04-lts-gen2"},"version":{"constant_value":"latest"}}]},"schema_version":0,"depends_on":["azurerm_linux_virtual_machine.vm_k8sMaster"]},{"address":"azurerm_linux_virtual_machine.vm_jenkins","mode":"managed","type":"azurerm_linux_virtual_machine","name":"vm_jenkins","provider_config_key":"azurerm","provisioners":[{"type":"file","expressions":{"content":{"references":["tls_private_key.key_jenkins.public_key_openssh","tls_private_key.key_jenkins"]},"destination":{"references":["var.user"]}}},{"type":"file","expressions":{"content":{"references":["tls_private_key.key_jenkins.private_key_openssh","tls_private_key.key_jenkins"]},"destination":{"references":["var.user"]}}},{"type":"file","expressions":{"content":{"references":["tls_private_key.key_ansible.private_key_openssh","tls_private_key.key_ansible"]},"destination":{"references":["var.user"]}}},{"type":"remote-exec","expressions":{"inline":{"references":["var.user","var.user","var.user"]}}}],"expressions":{"admin_ssh_key":[{"public_key":{"references":["tls_private_key.key_jenkins.public_key_openssh","tls_private_key.key_jenkins"]},"username":{"references":["var.user"]}}],"admin_username":{"references":["var.user"]},"custom_data":{},"location":{"references":["azurerm_resource_group.rg1.location","azurerm_resource_group.rg1"]},"name":{"constant_value":"vm-jenkins"},"network_interface_ids":{"references":["azurerm_network_interface.nic_jenkins.id","azurerm_network_interface.nic_jenkins"]},"os_disk":[{"caching":{"constant_value":"ReadWrite"},"disk_size_gb":{"constant_value":"64"},"storage_account_type":{"constant_value":"Premium_LRS"}}],"resource_group_name":{"references":["azurerm_resource_group.rg1.name","azurerm_resource_group.rg1"]},"size":{"constant_value":"Standard_B1s"},"source_image_reference":[{"offer":{"constant_value":"0001-com-ubuntu-server-jammy"},"publisher":{"constant_value":"Canonical"},"sku":{"constant_value":"22_04-lts-gen2"},"version":{"constant_value":"latest"}}]},"schema_version":0},{"address":"azurerm_linux_virtual_machine.vm_k8sMaster","mode":"managed","type":"azurerm_linux_virtual_machine","name":"vm_k8sMaster","provider_config_key":"azurerm","provisioners":[{"type":"file","expressions":{"content":{"references":["tls_private_key.key_k8sMaster.public_key_openssh","tls_private_key.key_k8sMaster"]},"destination":{"references":["var.user"]}}},{"type":"file","expressions":{"content":{"references":["tls_private_key.key_k8sMaster.private_key_openssh","tls_private_key.key_k8sMaster"]},"destination":{"references":["var.user"]}}},{"type":"file","expressions":{"content":{"references":["tls_private_key.key_ansible.public_key_openssh","tls_private_key.key_ansible"]},"destination":{"references":["var.user"]}}},{"type":"remote-exec","expressions":{"script":{"constant_value":"../configFiles/k8sMaster/setup.sh"}}},{"type":"remote-exec","expressions":{"inline":{"references":["var.user","var.rgname","azurerm_kubernetes_cluster.cluster_k8sWorker.name","azurerm_kubernetes_cluster.cluster_k8sWorker","azurerm_public_ip.ip_ingress.ip_address","azurerm_public_ip.ip_ingress"]}}}],"expressions":{"admin_ssh_key":[{"public_key":{"references":["tls_private_key.key_k8sMaster.public_key_openssh","tls_private_key.key_k8sMaster"]},"username":{"references":["var.user"]}}],"admin_username":{"references":["var.user"]},"identity":[{"identity_ids":{"references":["azurerm_user_assigned_identity.k8sClusterAccess.id","azurerm_user_assigned_identity.k8sClusterAccess"]},"type":{"constant_value":"UserAssigned"}}],"location":{"references":["azurerm_resource_group.rg1.location","azurerm_resource_group.rg1"]},"name":{"constant_value":"vm-k8sMaster"},"network_interface_ids":{"references":["azurerm_network_interface.nic_k8sMaster.id","azurerm_network_interface.nic_k8sMaster"]},"os_disk":[{"caching":{"constant_value":"ReadWrite"},"disk_size_gb":{"constant_value":"64"},"storage_account_type":{"constant_value":"Premium_LRS"}}],"resource_group_name":{"references":["azurerm_resource_group.rg1.name","azurerm_resource_group.rg1"]},"size":{"constant_value":"Standard_B1s"},"source_image_reference":[{"offer":{"constant_value":"0001-com-ubuntu-server-jammy"},"publisher":{"constant_value":"Canonical"},"sku":{"constant_value":"22_04-lts-gen2"},"version":{"constant_value":"latest"}}]},"schema_version":0,"depends_on":["azurerm_kubernetes_cluster.cluster_k8sWorker"]},{"address":"azurerm_network_interface.nic_ansible","mode":"managed","type":"azurerm_network_interface","name":"nic_ansible","provider_config_key":"azurerm","expressions":{"ip_configuration":[{"name":{"constant_value":"internal"},"private_ip_address":{"constant_value":"10.0.0.6"},"private_ip_address_allocation":{"constant_value":"Static"},"public_ip_address_id":{"references":["azurerm_public_ip.ip_ansible.id","azurerm_public_ip.ip_ansible"]},"subnet_id":{"references":["azurerm_subnet.s0.id","azurerm_subnet.s0"]}}],"location":{"references":["azurerm_resource_group.rg1.location","azurerm_resource_group.rg1"]},"name":{"constant_value":"nic_ansible"},"resource_group_name":{"references":["azurerm_resource_group.rg1.name","azurerm_resource_group.rg1"]}},"schema_version":0},{"address":"azurerm_network_interface.nic_jenkins","mode":"managed","type":"azurerm_network_interface","name":"nic_jenkins","provider_config_key":"azurerm","expressions":{"ip_configuration":[{"name":{"constant_value":"internal"},"private_ip_address":{"constant_value":"10.0.0.5"},"private_ip_address_allocation":{"constant_value":"Static"},"public_ip_address_id":{"references":["azurerm_public_ip.ip_jenkins.id","azurerm_public_ip.ip_jenkins"]},"subnet_id":{"references":["azurerm_subnet.s0.id","azurerm_subnet.s0"]}}],"location":{"references":["azurerm_resource_group.rg1.location","azurerm_resource_group.rg1"]},"name":{"constant_value":"nic_jenkins"},"resource_group_name":{"references":["azurerm_resource_group.rg1.name","azurerm_resource_group.rg1"]}},"schema_version":0},{"address":"azurerm_network_interface.nic_k8sMaster","mode":"managed","type":"azurerm_network_interface","name":"nic_k8sMaster","provider_config_key":"azurerm","expressions":{"ip_configuration":[{"name":{"constant_value":"internal"},"private_ip_address":{"constant_value":"10.0.0.7"},"private_ip_address_allocation":{"constant_value":"Static"},"public_ip_address_id":{"references":["azurerm_public_ip.ip_k8sMaster.id","azurerm_public_ip.ip_k8sMaster"]},"subnet_id":{"references":["azurerm_subnet.s0.id","azurerm_subnet.s0"]}}],"location":{"references":["azurerm_resource_group.rg1.location","azurerm_resource_group.rg1"]},"name":{"constant_value":"nic_k8sMaster"},"resource_group_name":{"references":["azurerm_resource_group.rg1.name","azurerm_resource_group.rg1"]}},"schema_version":0},{"address":"azurerm_network_interface_security_group_association.anisga_ansible","mode":"managed","type":"azurerm_network_interface_security_group_association","name":"anisga_ansible","provider_config_key":"azurerm","expressions":{"network_interface_id":{"references":["azurerm_network_interface.nic_ansible.id","azurerm_network_interface.nic_ansible"]},"network_security_group_id":{"references":["azurerm_network_security_group.nsg_ansible.id","azurerm_network_security_group.nsg_ansible"]}},"schema_version":0},{"address":"azurerm_network_interface_security_group_association.anisga_jenkins","mode":"managed","type":"azurerm_network_interface_security_group_association","name":"anisga_jenkins","provider_config_key":"azurerm","expressions":{"network_interface_id":{"references":["azurerm_network_interface.nic_jenkins.id","azurerm_network_interface.nic_jenkins"]},"network_security_group_id":{"references":["azurerm_network_security_group.nsg_jenkins.id","azurerm_network_security_group.nsg_jenkins"]}},"schema_version":0},{"address":"azurerm_network_interface_security_group_association.anisga_k8sMaster","mode":"managed","type":"azurerm_network_interface_security_group_association","name":"anisga_k8sMaster","provider_config_key":"azurerm","expressions":{"network_interface_id":{"references":["azurerm_network_interface.nic_k8sMaster.id","azurerm_network_interface.nic_k8sMaster"]},"network_security_group_id":{"references":["azurerm_network_security_group.nsg_k8sMaster.id","azurerm_network_security_group.nsg_k8sMaster"]}},"schema_version":0},{"address":"azurerm_network_security_group.nsg_ansible","mode":"managed","type":"azurerm_network_security_group","name":"nsg_ansible","provider_config_key":"azurerm","expressions":{"location":{"references":["azurerm_resource_group.rg1.location","azurerm_resource_group.rg1"]},"name":{"constant_value":"nsg_ansible"},"resource_group_name":{"references":["azurerm_resource_group.rg1.name","azurerm_resource_group.rg1"]},"security_rule":{"constant_value":[{"access":"Allow","description":null,"destination_address_prefix":"*","destination_address_prefixes":null,"destination_application_security_group_ids":null,"destination_port_range":"22","destination_port_ranges":null,"direction":"Inbound","name":"Allow-SSH","priority":200,"protocol":"Tcp","source_address_prefix":"*","source_address_prefixes":null,"source_application_security_group_ids":null,"source_port_range":"*","source_port_ranges":null}]}},"schema_version":0},{"address":"azurerm_network_security_group.nsg_jenkins","mode":"managed","type":"azurerm_network_security_group","name":"nsg_jenkins","provider_config_key":"azurerm","expressions":{"location":{"references":["azurerm_resource_group.rg1.location","azurerm_resource_group.rg1"]},"name":{"constant_value":"nsg_jenkins"},"resource_group_name":{"references":["azurerm_resource_group.rg1.name","azurerm_resource_group.rg1"]},"security_rule":{"constant_value":[{"access":"Allow","description":null,"destination_address_prefix":"*","destination_address_prefixes":null,"destination_application_security_group_ids":null,"destination_port_range":"8080","destination_port_ranges":null,"direction":"Inbound","name":"Allow-Jenkins","priority":100,"protocol":"Tcp","source_address_prefix":"*","source_address_prefixes":null,"source_application_security_group_ids":null,"source_port_range":"*","source_port_ranges":null},{"access":"Allow","description":null,"destination_address_prefix":"*","destination_address_prefixes":null,"destination_application_security_group_ids":null,"destination_port_range":"22","destination_port_ranges":null,"direction":"Inbound","name":"Allow-SSH","priority":200,"protocol":"Tcp","source_address_prefix":"*","source_address_prefixes":null,"source_application_security_group_ids":null,"source_port_range":"*","source_port_ranges":null}]}},"schema_version":0},{"address":"azurerm_network_security_group.nsg_k8sMaster","mode":"managed","type":"azurerm_network_security_group","name":"nsg_k8sMaster","provider_config_key":"azurerm","expressions":{"location":{"references":["azurerm_resource_group.rg1.location","azurerm_resource_group.rg1"]},"name":{"constant_value":"nsg_k8sMaster"},"resource_group_name":{"references":["azurerm_resource_group.rg1.name","azurerm_resource_group.rg1"]},"security_rule":{"constant_value":[{"access":"Allow","description":null,"destination_address_prefix":"*","destination_address_prefixes":null,"destination_application_security_group_ids":null,"destination_port_range":"22","destination_port_ranges":null,"direction":"Inbound","name":"Allow-SSH","priority":100,"protocol":"Tcp","source_address_prefix":"*","source_address_prefixes":null,"source_application_security_group_ids":null,"source_port_range":"*","source_port_ranges":null},{"access":"Allow","description":null,"destination_address_prefix":"*","destination_address_prefixes":null,"destination_application_security_group_ids":null,"destination_port_range":"6443","destination_port_ranges":null,"direction":"Inbound","name":"KubernetesAPIserver","priority":200,"protocol":"Tcp","source_address_prefix":"*","source_address_prefixes":null,"source_application_security_group_ids":null,"source_port_range":"*","source_port_ranges":null},{"access":"Allow","description":null,"destination_address_prefix":"*","destination_address_prefixes":null,"destination_application_security_group_ids":null,"destination_port_range":"2379-2380","destination_port_ranges":null,"direction":"Inbound","name":"etcdServerClientAPI","priority":300,"protocol":"Tcp","source_address_prefix":"*","source_address_prefixes":null,"source_application_security_group_ids":null,"source_port_range":"*","source_port_ranges":null},{"access":"Allow","description":null,"destination_address_prefix":"*","destination_address_prefixes":null,"destination_application_security_group_ids":null,"destination_port_range":"10250","destination_port_ranges":null,"direction":"Inbound","name":"KubeletAPI","priority":400,"protocol":"Tcp","source_address_prefix":"*","source_address_prefixes":null,"source_application_security_group_ids":null,"source_port_range":"*","source_port_ranges":null},{"access":"Allow","description":null,"destination_address_prefix":"*","destination_address_prefixes":null,"destination_application_security_group_ids":null,"destination_port_range":"10259","destination_port_ranges":null,"direction":"Inbound","name":"kube-scheduler","priority":500,"protocol":"Tcp","source_address_prefix":"*","source_address_prefixes":null,"source_application_security_group_ids":null,"source_port_range":"*","source_port_ranges":null},{"access":"Allow","description":null,"destination_address_prefix":"*","destination_address_prefixes":null,"destination_application_security_group_ids":null,"destination_port_range":"10257","destination_port_ranges":null,"direction":"Inbound","name":"kube-controller-manager","priority":600,"protocol":"Tcp","source_address_prefix":"*","source_address_prefixes":null,"source_application_security_group_ids":null,"source_port_range":"*","source_port_ranges":null}]}},"schema_version":0},{"address":"azurerm_public_ip.ip_ansible","mode":"managed","type":"azurerm_public_ip","name":"ip_ansible","provider_config_key":"azurerm","expressions":{"allocation_method":{"constant_value":"Dynamic"},"location":{"references":["azurerm_resource_group.rg1.location","azurerm_resource_group.rg1"]},"name":{"constant_value":"ip_ansible"},"resource_group_name":{"references":["azurerm_resource_group.rg1.name","azurerm_resource_group.rg1"]}},"schema_version":0},{"address":"azurerm_public_ip.ip_ingress","mode":"managed","type":"azurerm_public_ip","name":"ip_ingress","provider_config_key":"azurerm","expressions":{"allocation_method":{"constant_value":"Static"},"location":{"references":["azurerm_resource_group.rg1.location","azurerm_resource_group.rg1"]},"name":{"constant_value":"ip_ingress"},"resource_group_name":{"references":["azurerm_kubernetes_cluster.cluster_k8sWorker.node_resource_group","azurerm_kubernetes_cluster.cluster_k8sWorker"]},"sku":{"constant_value":"Standard"}},"schema_version":0,"depends_on":["azurerm_kubernetes_cluster.cluster_k8sWorker"]},{"address":"azurerm_public_ip.ip_jenkins","mode":"managed","type":"azurerm_public_ip","name":"ip_jenkins","provider_config_key":"azurerm","expressions":{"allocation_method":{"constant_value":"Dynamic"},"location":{"references":["azurerm_resource_group.rg1.location","azurerm_resource_group.rg1"]},"name":{"constant_value":"ip_jenkins"},"resource_group_name":{"references":["azurerm_resource_group.rg1.name","azurerm_resource_group.rg1"]}},"schema_version":0},{"address":"azurerm_public_ip.ip_k8sMaster","mode":"managed","type":"azurerm_public_ip","name":"ip_k8sMaster","provider_config_key":"azurerm","expressions":{"allocation_method":{"constant_value":"Dynamic"},"location":{"references":["azurerm_resource_group.rg1.location","azurerm_resource_group.rg1"]},"name":{"constant_value":"ip_k8sMaster"},"resource_group_name":{"references":["azurerm_resource_group.rg1.name","azurerm_resource_group.rg1"]}},"schema_version":0},{"address":"azurerm_resource_group.rg1","mode":"managed","type":"azurerm_resource_group","name":"rg1","provider_config_key":"azurerm","expressions":{"location":{"references":["var.location"]},"name":{"references":["var.rgname"]}},"schema_version":0},{"address":"azurerm_role_assignment.accessClusterCreds","mode":"managed","type":"azurerm_role_assignment","name":"accessClusterCreds","provider_config_key":"azurerm","expressions":{"principal_id":{"references":["azurerm_user_assigned_identity.k8sClusterAccess.principal_id","azurerm_user_assigned_identity.k8sClusterAccess"]},"role_definition_name":{"constant_value":"Azure Kubernetes Service Cluster Admin Role"},"scope":{"references":["azurerm_resource_group.rg1.id","azurerm_resource_group.rg1"]}},"schema_version":0},{"address":"azurerm_role_assignment.clusterAdmin","mode":"managed","type":"azurerm_role_assignment","name":"clusterAdmin","provider_config_key":"azurerm","expressions":{"principal_id":{"references":["azurerm_user_assigned_identity.k8sClusterAccess.principal_id","azurerm_user_assigned_identity.k8sClusterAccess"]},"role_definition_name":{"constant_value":"Azure Kubernetes Service RBAC Cluster Admin"},"scope":{"references":["azurerm_resource_group.rg1.id","azurerm_resource_group.rg1"]}},"schema_version":0},{"address":"azurerm_subnet.s0","mode":"managed","type":"azurerm_subnet","name":"s0","provider_config_key":"azurerm","expressions":{"address_prefixes":{"constant_value":["10.0.0.0/24"]},"name":{"constant_value":"s0"},"resource_group_name":{"references":["azurerm_resource_group.rg1.name","azurerm_resource_group.rg1"]},"virtual_network_name":{"references":["azurerm_virtual_network.vnet1.name","azurerm_virtual_network.vnet1"]}},"schema_version":0},{"address":"azurerm_user_assigned_identity.k8sClusterAccess","mode":"managed","type":"azurerm_user_assigned_identity","name":"k8sClusterAccess","provider_config_key":"azurerm","expressions":{"location":{"references":["azurerm_resource_group.rg1.location","azurerm_resource_group.rg1"]},"name":{"constant_value":"k8sClusterAccess"},"resource_group_name":{"references":["azurerm_resource_group.rg1.name","azurerm_resource_group.rg1"]}},"schema_version":1},{"address":"azurerm_virtual_network.vnet1","mode":"managed","type":"azurerm_virtual_network","name":"vnet1","provider_config_key":"azurerm","expressions":{"address_space":{"constant_value":["10.0.0.0/16"]},"location":{"references":["azurerm_resource_group.rg1.location","azurerm_resource_group.rg1"]},"name":{"constant_value":"vnet1"},"resource_group_name":{"references":["azurerm_resource_group.rg1.name","azurerm_resource_group.rg1"]}},"schema_version":0},{"address":"local_file.local_key_ansible","mode":"managed","type":"local_file","name":"local_key_ansible","provider_config_key":"local","expressions":{"content":{"references":["tls_private_key.key_ansible.private_key_openssh","tls_private_key.key_ansible"]},"file_permission":{"constant_value":"0600"},"filename":{"constant_value":"../sshKeys/ansible.key"}},"schema_version":0},{"address":"local_file.local_key_jenkins","mode":"managed","type":"local_file","name":"local_key_jenkins","provider_config_key":"local","expressions":{"content":{"references":["tls_private_key.key_jenkins.private_key_openssh","tls_private_key.key_jenkins"]},"file_permission":{"constant_value":"0600"},"filename":{"constant_value":"../sshKeys/jenkins.key"}},"schema_version":0},{"address":"tls_private_key.key_ansible","mode":"managed","type":"tls_private_key","name":"key_ansible","provider_config_key":"tls","expressions":{"algorithm":{"constant_value":"RSA"},"rsa_bits":{"constant_value":"4096"}},"schema_version":1},{"address":"tls_private_key.key_jenkins","mode":"managed","type":"tls_private_key","name":"key_jenkins","provider_config_key":"tls","expressions":{"algorithm":{"constant_value":"RSA"},"rsa_bits":{"constant_value":"4096"}},"schema_version":1},{"address":"tls_private_key.key_k8sMaster","mode":"managed","type":"tls_private_key","name":"key_k8sMaster","provider_config_key":"tls","expressions":{"algorithm":{"constant_value":"RSA"},"rsa_bits":{"constant_value":"4096"}},"schema_version":1}],"variables":{"location":{"default":"Central India"},"rgname":{"default":"cicd_pipeline"},"user":{"default":"azureuser"}}}},"relevant_attributes":[{"resource":"azurerm_resource_group.rg1","attribute":["location"]},{"resource":"azurerm_network_security_group.nsg_jenkins","attribute":["id"]},{"resource":"azurerm_virtual_network.vnet1","attribute":["name"]},{"resource":"azurerm_public_ip.ip_jenkins","attribute":["id"]},{"resource":"azurerm_network_interface.nic_ansible","attribute":["id"]},{"resource":"azurerm_network_security_group.nsg_ansible","attribute":["id"]},{"resource":"azurerm_network_interface.nic_k8sMaster","attribute":["id"]},{"resource":"azurerm_network_security_group.nsg_k8sMaster","attribute":["id"]},{"resource":"azurerm_user_assigned_identity.k8sClusterAccess","attribute":["id"]},{"resource":"tls_private_key.key_jenkins","attribute":["private_key_openssh"]},{"resource":"azurerm_subnet.s0","attribute":["id"]},{"resource":"azurerm_network_interface.nic_jenkins","attribute":["id"]},{"resource":"tls_private_key.key_ansible","attribute":["public_key_openssh"]},{"resource":"azurerm_linux_virtual_machine.vm_jenkins","attribute":["private_ip_address"]},{"resource":"azurerm_kubernetes_cluster.cluster_k8sWorker","attribute":["node_resource_group"]},{"resource":"azurerm_public_ip.ip_ingress","attribute":["ip_address"]},{"resource":"azurerm_linux_virtual_machine.vm_k8sMaster","attribute":["private_ip_address"]},{"resource":"azurerm_linux_virtual_machine.vm_ansible","attribute":["public_ip_address"]},{"resource":"azurerm_public_ip.ip_ansible","attribute":["id"]},{"resource":"tls_private_key.key_ansible","attribute":["private_key_openssh"]},{"resource":"azurerm_resource_group.rg1","attribute":["name"]},{"resource":"azurerm_resource_group.rg1","attribute":["id"]},{"resource":"azurerm_user_assigned_identity.k8sClusterAccess","attribute":["principal_id"]},{"resource":"azurerm_public_ip.ip_k8sMaster","attribute":["id"]},{"resource":"tls_private_key.key_jenkins","attribute":["public_key_openssh"]},{"resource":"tls_private_key.key_k8sMaster","attribute":["public_key_openssh"]},{"resource":"azurerm_linux_virtual_machine.vm_jenkins","attribute":["public_ip_address"]},{"resource":"azurerm_linux_virtual_machine.vm_ansible","attribute":["private_ip_address"]}]}
